// !$*UTF8*$!
{
	archiveVersion = 1;
	classes = {
	};
	objectVersion = 46;
	objects = {

/* Begin PBXBuildFile section */
		AD4B6BC884DC83AE60B2C986 /* libPods-WaxPatchTopic.a in Frameworks */ = {isa = PBXBuildFile; fileRef = 3F873020AC5A86223981A110 /* libPods-WaxPatchTopic.a */; };
		CE2D9A571CB65646009FEC85 /* wax_config.m in Sources */ = {isa = PBXBuildFile; fileRef = CE2D99901CB65646009FEC85 /* wax_config.m */; settings = {COMPILER_FLAGS = "-fno-objc-arc"; }; };
		CE2D9A581CB65646009FEC85 /* wax_lock.m in Sources */ = {isa = PBXBuildFile; fileRef = CE2D99921CB65646009FEC85 /* wax_lock.m */; settings = {COMPILER_FLAGS = "-fno-objc-arc"; }; };
		CE2D9A631CB65646009FEC85 /* wax_block.m in Sources */ = {isa = PBXBuildFile; fileRef = CE2D99A11CB65646009FEC85 /* wax_block.m */; settings = {COMPILER_FLAGS = "-fno-objc-arc"; }; };
		CE2D9A641CB65646009FEC85 /* wax_block_call.m in Sources */ = {isa = PBXBuildFile; fileRef = CE2D99A31CB65646009FEC85 /* wax_block_call.m */; settings = {COMPILER_FLAGS = "-fno-objc-arc"; }; };
		CE2D9A651CB65646009FEC85 /* wax_block_call_pool.m in Sources */ = {isa = PBXBuildFile; fileRef = CE2D99A51CB65646009FEC85 /* wax_block_call_pool.m */; settings = {COMPILER_FLAGS = "-fno-objc-arc"; }; };
		CE2D9A661CB65646009FEC85 /* wax_block_description.m in Sources */ = {isa = PBXBuildFile; fileRef = CE2D99A71CB65646009FEC85 /* wax_block_description.m */; settings = {COMPILER_FLAGS = "-fno-objc-arc"; }; };
		CE2D9A671CB65646009FEC85 /* wax_block_transfer.m in Sources */ = {isa = PBXBuildFile; fileRef = CE2D99A91CB65646009FEC85 /* wax_block_transfer.m */; settings = {COMPILER_FLAGS = "-fno-objc-arc"; }; };
		CE2D9A681CB65646009FEC85 /* wax_block_transfer_pool.m in Sources */ = {isa = PBXBuildFile; fileRef = CE2D99AB1CB65646009FEC85 /* wax_block_transfer_pool.m */; settings = {COMPILER_FLAGS = "-fno-objc-arc"; }; };
		CE2D9A691CB65646009FEC85 /* dispatch_lua.m in Sources */ = {isa = PBXBuildFile; fileRef = CE2D99AF1CB65646009FEC85 /* dispatch_lua.m */; settings = {COMPILER_FLAGS = "-fno-objc-arc"; }; };
		CE2D9A6A1CB65646009FEC85 /* dispatch_lua.pkg in Resources */ = {isa = PBXBuildFile; fileRef = CE2D99B01CB65646009FEC85 /* dispatch_lua.pkg */; };
		CE2D9A6B1CB65646009FEC85 /* objc_runtime_lua.m in Sources */ = {isa = PBXBuildFile; fileRef = CE2D99B11CB65646009FEC85 /* objc_runtime_lua.m */; settings = {COMPILER_FLAGS = "-fno-objc-arc"; }; };
		CE2D9A6C1CB65646009FEC85 /* objc_runtime_lua.pkg in Resources */ = {isa = PBXBuildFile; fileRef = CE2D99B21CB65646009FEC85 /* objc_runtime_lua.pkg */; };
		CE2D9A6D1CB65646009FEC85 /* pthread.pkg in Resources */ = {isa = PBXBuildFile; fileRef = CE2D99B31CB65646009FEC85 /* pthread.pkg */; };
		CE2D9A6E1CB65646009FEC85 /* pthread_lua.m in Sources */ = {isa = PBXBuildFile; fileRef = CE2D99B41CB65646009FEC85 /* pthread_lua.m */; settings = {COMPILER_FLAGS = "-fno-objc-arc"; }; };
		CE2D9A6F1CB65646009FEC85 /* UIKitFunction.pkg in Resources */ = {isa = PBXBuildFile; fileRef = CE2D99B51CB65646009FEC85 /* UIKitFunction.pkg */; };
		CE2D9A701CB65646009FEC85 /* UIKitFunction_lua.m in Sources */ = {isa = PBXBuildFile; fileRef = CE2D99B61CB65646009FEC85 /* UIKitFunction_lua.m */; settings = {COMPILER_FLAGS = "-fno-objc-arc"; }; };
		CE2D9A711CB65646009FEC85 /* tolua_event.c in Sources */ = {isa = PBXBuildFile; fileRef = CE2D99B81CB65646009FEC85 /* tolua_event.c */; settings = {COMPILER_FLAGS = "-fno-objc-arc"; }; };
		CE2D9A721CB65646009FEC85 /* tolua_is.c in Sources */ = {isa = PBXBuildFile; fileRef = CE2D99BA1CB65646009FEC85 /* tolua_is.c */; settings = {COMPILER_FLAGS = "-fno-objc-arc"; }; };
		CE2D9A731CB65646009FEC85 /* tolua_map.c in Sources */ = {isa = PBXBuildFile; fileRef = CE2D99BB1CB65646009FEC85 /* tolua_map.c */; settings = {COMPILER_FLAGS = "-fno-objc-arc"; }; };
		CE2D9A741CB65646009FEC85 /* tolua_push.c in Sources */ = {isa = PBXBuildFile; fileRef = CE2D99BC1CB65646009FEC85 /* tolua_push.c */; settings = {COMPILER_FLAGS = "-fno-objc-arc"; }; };
		CE2D9A751CB65646009FEC85 /* tolua_to.c in Sources */ = {isa = PBXBuildFile; fileRef = CE2D99BD1CB65646009FEC85 /* tolua_to.c */; settings = {COMPILER_FLAGS = "-fno-objc-arc"; }; };
		CE2D9A761CB65646009FEC85 /* wax_capi.m in Sources */ = {isa = PBXBuildFile; fileRef = CE2D99BF1CB65646009FEC85 /* wax_capi.m */; settings = {COMPILER_FLAGS = "-fno-objc-arc"; }; };
		CE2D9A771CB65646009FEC85 /* wax_CGTransform.m in Sources */ = {isa = PBXBuildFile; fileRef = CE2D99C21CB65646009FEC85 /* wax_CGTransform.m */; settings = {COMPILER_FLAGS = "-fno-objc-arc"; }; };
		CE2D9A781CB65646009FEC85 /* wax_CGContext.m in Sources */ = {isa = PBXBuildFile; fileRef = CE2D99C51CB65646009FEC85 /* wax_CGContext.m */; settings = {COMPILER_FLAGS = "-fno-objc-arc"; }; };
		CE2D9A791CB65646009FEC85 /* wax_filesystem.m in Sources */ = {isa = PBXBuildFile; fileRef = CE2D99C81CB65646009FEC85 /* wax_filesystem.m */; settings = {COMPILER_FLAGS = "-fno-objc-arc"; }; };
		CE2D9A7A1CB65646009FEC85 /* wax_http.m in Sources */ = {isa = PBXBuildFile; fileRef = CE2D99CB1CB65646009FEC85 /* wax_http.m */; settings = {COMPILER_FLAGS = "-fno-objc-arc"; }; };
		CE2D9A7B1CB65646009FEC85 /* wax_http_connection.m in Sources */ = {isa = PBXBuildFile; fileRef = CE2D99CD1CB65646009FEC85 /* wax_http_connection.m */; settings = {COMPILER_FLAGS = "-fno-objc-arc"; }; };
		CE2D9A7C1CB65646009FEC85 /* NSObject+TBIvarAccess.m in Sources */ = {isa = PBXBuildFile; fileRef = CE2D99D01CB65646009FEC85 /* NSObject+TBIvarAccess.m */; settings = {COMPILER_FLAGS = "-fno-objc-arc"; }; };
		CE2D9A7D1CB65646009FEC85 /* Rakefile in Resources */ = {isa = PBXBuildFile; fileRef = CE2D99D21CB65646009FEC85 /* Rakefile */; };
		CE2D9A7E1CB65646009FEC85 /* wax_json.c in Sources */ = {isa = PBXBuildFile; fileRef = CE2D99D31CB65646009FEC85 /* wax_json.c */; settings = {COMPILER_FLAGS = "-fno-objc-arc"; }; };
		CE2D9A7F1CB65646009FEC85 /* yajl.c in Sources */ = {isa = PBXBuildFile; fileRef = CE2D99DA1CB65646009FEC85 /* yajl.c */; settings = {COMPILER_FLAGS = "-fno-objc-arc"; }; };
		CE2D9A801CB65646009FEC85 /* yajl_alloc.c in Sources */ = {isa = PBXBuildFile; fileRef = CE2D99DB1CB65646009FEC85 /* yajl_alloc.c */; settings = {COMPILER_FLAGS = "-fno-objc-arc"; }; };
		CE2D9A811CB65646009FEC85 /* yajl_buf.c in Sources */ = {isa = PBXBuildFile; fileRef = CE2D99DD1CB65646009FEC85 /* yajl_buf.c */; settings = {COMPILER_FLAGS = "-fno-objc-arc"; }; };
		CE2D9A821CB65646009FEC85 /* yajl_encode.c in Sources */ = {isa = PBXBuildFile; fileRef = CE2D99E11CB65646009FEC85 /* yajl_encode.c */; settings = {COMPILER_FLAGS = "-fno-objc-arc"; }; };
		CE2D9A831CB65646009FEC85 /* yajl_gen.c in Sources */ = {isa = PBXBuildFile; fileRef = CE2D99E31CB65646009FEC85 /* yajl_gen.c */; settings = {COMPILER_FLAGS = "-fno-objc-arc"; }; };
		CE2D9A841CB65646009FEC85 /* yajl_lex.c in Sources */ = {isa = PBXBuildFile; fileRef = CE2D99E51CB65646009FEC85 /* yajl_lex.c */; settings = {COMPILER_FLAGS = "-fno-objc-arc"; }; };
		CE2D9A851CB65646009FEC85 /* yajl_parser.c in Sources */ = {isa = PBXBuildFile; fileRef = CE2D99E81CB65646009FEC85 /* yajl_parser.c */; settings = {COMPILER_FLAGS = "-fno-objc-arc"; }; };
		CE2D9A861CB65646009FEC85 /* yajl-1.0.9.tar.gz in Resources */ = {isa = PBXBuildFile; fileRef = CE2D99EA1CB65646009FEC85 /* yajl-1.0.9.tar.gz */; };
		CE2D9A871CB65646009FEC85 /* wax_sqlite.m in Sources */ = {isa = PBXBuildFile; fileRef = CE2D99ED1CB65646009FEC85 /* wax_sqlite.m */; settings = {COMPILER_FLAGS = "-fno-objc-arc"; }; };
		CE2D9A881CB65646009FEC85 /* wax_sqlite_operation.m in Sources */ = {isa = PBXBuildFile; fileRef = CE2D99EF1CB65646009FEC85 /* wax_sqlite_operation.m */; settings = {COMPILER_FLAGS = "-fno-objc-arc"; }; };
		CE2D9A891CB65646009FEC85 /* wax_xml.m in Sources */ = {isa = PBXBuildFile; fileRef = CE2D99F21CB65646009FEC85 /* wax_xml.m */; settings = {COMPILER_FLAGS = "-fno-objc-arc"; }; };
		CE2D9A8A1CB65646009FEC85 /* lapi.c in Sources */ = {isa = PBXBuildFile; fileRef = CE2D99F41CB65646009FEC85 /* lapi.c */; settings = {COMPILER_FLAGS = "-fno-objc-arc"; }; };
		CE2D9A8B1CB65646009FEC85 /* lauxlib.c in Sources */ = {isa = PBXBuildFile; fileRef = CE2D99F61CB65646009FEC85 /* lauxlib.c */; settings = {COMPILER_FLAGS = "-fno-objc-arc"; }; };
		CE2D9A8C1CB65646009FEC85 /* lbaselib.c in Sources */ = {isa = PBXBuildFile; fileRef = CE2D99F81CB65646009FEC85 /* lbaselib.c */; settings = {COMPILER_FLAGS = "-fno-objc-arc"; }; };
		CE2D9A8D1CB65646009FEC85 /* lcode.c in Sources */ = {isa = PBXBuildFile; fileRef = CE2D99F91CB65646009FEC85 /* lcode.c */; settings = {COMPILER_FLAGS = "-fno-objc-arc"; }; };
		CE2D9A8E1CB65646009FEC85 /* ldblib.c in Sources */ = {isa = PBXBuildFile; fileRef = CE2D99FB1CB65646009FEC85 /* ldblib.c */; settings = {COMPILER_FLAGS = "-fno-objc-arc"; }; };
		CE2D9A8F1CB65646009FEC85 /* ldebug.c in Sources */ = {isa = PBXBuildFile; fileRef = CE2D99FC1CB65646009FEC85 /* ldebug.c */; settings = {COMPILER_FLAGS = "-fno-objc-arc"; }; };
		CE2D9A901CB65646009FEC85 /* ldo.c in Sources */ = {isa = PBXBuildFile; fileRef = CE2D99FE1CB65646009FEC85 /* ldo.c */; settings = {COMPILER_FLAGS = "-fno-objc-arc"; }; };
		CE2D9A911CB65646009FEC85 /* ldump.c in Sources */ = {isa = PBXBuildFile; fileRef = CE2D9A001CB65646009FEC85 /* ldump.c */; settings = {COMPILER_FLAGS = "-fno-objc-arc"; }; };
		CE2D9A921CB65646009FEC85 /* lfunc.c in Sources */ = {isa = PBXBuildFile; fileRef = CE2D9A011CB65646009FEC85 /* lfunc.c */; settings = {COMPILER_FLAGS = "-fno-objc-arc"; }; };
		CE2D9A931CB65646009FEC85 /* lgc.c in Sources */ = {isa = PBXBuildFile; fileRef = CE2D9A031CB65646009FEC85 /* lgc.c */; settings = {COMPILER_FLAGS = "-fno-objc-arc"; }; };
		CE2D9A941CB65646009FEC85 /* linit.c in Sources */ = {isa = PBXBuildFile; fileRef = CE2D9A051CB65646009FEC85 /* linit.c */; settings = {COMPILER_FLAGS = "-fno-objc-arc"; }; };
		CE2D9A951CB65646009FEC85 /* liolib.c in Sources */ = {isa = PBXBuildFile; fileRef = CE2D9A061CB65646009FEC85 /* liolib.c */; settings = {COMPILER_FLAGS = "-fno-objc-arc"; }; };
		CE2D9A961CB65646009FEC85 /* llex.c in Sources */ = {isa = PBXBuildFile; fileRef = CE2D9A071CB65646009FEC85 /* llex.c */; settings = {COMPILER_FLAGS = "-fno-objc-arc"; }; };
		CE2D9A971CB65646009FEC85 /* lmathlib.c in Sources */ = {isa = PBXBuildFile; fileRef = CE2D9A0A1CB65646009FEC85 /* lmathlib.c */; settings = {COMPILER_FLAGS = "-fno-objc-arc"; }; };
		CE2D9A981CB65646009FEC85 /* lmem.c in Sources */ = {isa = PBXBuildFile; fileRef = CE2D9A0B1CB65646009FEC85 /* lmem.c */; settings = {COMPILER_FLAGS = "-fno-objc-arc"; }; };
		CE2D9A991CB65646009FEC85 /* loadlib.c in Sources */ = {isa = PBXBuildFile; fileRef = CE2D9A0D1CB65646009FEC85 /* loadlib.c */; settings = {COMPILER_FLAGS = "-fno-objc-arc"; }; };
		CE2D9A9A1CB65646009FEC85 /* lobject.c in Sources */ = {isa = PBXBuildFile; fileRef = CE2D9A0E1CB65646009FEC85 /* lobject.c */; settings = {COMPILER_FLAGS = "-fno-objc-arc"; }; };
		CE2D9A9B1CB65646009FEC85 /* lopcodes.c in Sources */ = {isa = PBXBuildFile; fileRef = CE2D9A101CB65646009FEC85 /* lopcodes.c */; settings = {COMPILER_FLAGS = "-fno-objc-arc"; }; };
		CE2D9A9C1CB65646009FEC85 /* loslib.c in Sources */ = {isa = PBXBuildFile; fileRef = CE2D9A121CB65646009FEC85 /* loslib.c */; settings = {COMPILER_FLAGS = "-fno-objc-arc"; }; };
		CE2D9A9D1CB65646009FEC85 /* lparser.c in Sources */ = {isa = PBXBuildFile; fileRef = CE2D9A131CB65646009FEC85 /* lparser.c */; settings = {COMPILER_FLAGS = "-fno-objc-arc"; }; };
		CE2D9A9E1CB65646009FEC85 /* lstate.c in Sources */ = {isa = PBXBuildFile; fileRef = CE2D9A151CB65646009FEC85 /* lstate.c */; settings = {COMPILER_FLAGS = "-fno-objc-arc"; }; };
		CE2D9A9F1CB65646009FEC85 /* lstring.c in Sources */ = {isa = PBXBuildFile; fileRef = CE2D9A171CB65646009FEC85 /* lstring.c */; settings = {COMPILER_FLAGS = "-fno-objc-arc"; }; };
		CE2D9AA01CB65646009FEC85 /* lstrlib.c in Sources */ = {isa = PBXBuildFile; fileRef = CE2D9A191CB65646009FEC85 /* lstrlib.c */; settings = {COMPILER_FLAGS = "-fno-objc-arc"; }; };
		CE2D9AA11CB65646009FEC85 /* ltable.c in Sources */ = {isa = PBXBuildFile; fileRef = CE2D9A1A1CB65646009FEC85 /* ltable.c */; settings = {COMPILER_FLAGS = "-fno-objc-arc"; }; };
		CE2D9AA21CB65646009FEC85 /* ltablib.c in Sources */ = {isa = PBXBuildFile; fileRef = CE2D9A1C1CB65646009FEC85 /* ltablib.c */; settings = {COMPILER_FLAGS = "-fno-objc-arc"; }; };
		CE2D9AA31CB65646009FEC85 /* ltm.c in Sources */ = {isa = PBXBuildFile; fileRef = CE2D9A1D1CB65646009FEC85 /* ltm.c */; settings = {COMPILER_FLAGS = "-fno-objc-arc"; }; };
		CE2D9AA41CB65646009FEC85 /* lundump.c in Sources */ = {isa = PBXBuildFile; fileRef = CE2D9A221CB65646009FEC85 /* lundump.c */; settings = {COMPILER_FLAGS = "-fno-objc-arc"; }; };
		CE2D9AA51CB65646009FEC85 /* lvm.c in Sources */ = {isa = PBXBuildFile; fileRef = CE2D9A241CB65646009FEC85 /* lvm.c */; settings = {COMPILER_FLAGS = "-fno-objc-arc"; }; };
		CE2D9AA61CB65646009FEC85 /* lzio.c in Sources */ = {isa = PBXBuildFile; fileRef = CE2D9A261CB65646009FEC85 /* lzio.c */; settings = {COMPILER_FLAGS = "-fno-objc-arc"; }; };
		CE2D9AA71CB65646009FEC85 /* print.c in Sources */ = {isa = PBXBuildFile; fileRef = CE2D9A281CB65646009FEC85 /* print.c */; settings = {COMPILER_FLAGS = "-fno-objc-arc"; }; };
		CE2D9AA81CB65646009FEC85 /* project.rake in Resources */ = {isa = PBXBuildFile; fileRef = CE2D9A291CB65646009FEC85 /* project.rake */; };
		CE2D9AC11CB65646009FEC85 /* wax.m in Sources */ = {isa = PBXBuildFile; fileRef = CE2D9A481CB65646009FEC85 /* wax.m */; settings = {COMPILER_FLAGS = "-fno-objc-arc"; }; };
		CE2D9AC21CB65646009FEC85 /* wax_class.m in Sources */ = {isa = PBXBuildFile; fileRef = CE2D9A4A1CB65646009FEC85 /* wax_class.m */; settings = {COMPILER_FLAGS = "-fno-objc-arc"; }; };
		CE2D9AC31CB65646009FEC85 /* wax_gc.m in Sources */ = {isa = PBXBuildFile; fileRef = CE2D9A4D1CB65646009FEC85 /* wax_gc.m */; settings = {COMPILER_FLAGS = "-fno-objc-arc"; }; };
		CE2D9AC41CB65646009FEC85 /* wax_helpers.m in Sources */ = {isa = PBXBuildFile; fileRef = CE2D9A4F1CB65646009FEC85 /* wax_helpers.m */; settings = {COMPILER_FLAGS = "-fno-objc-arc"; }; };
		CE2D9AC51CB65646009FEC85 /* wax_instance.m in Sources */ = {isa = PBXBuildFile; fileRef = CE2D9A511CB65646009FEC85 /* wax_instance.m */; settings = {COMPILER_FLAGS = "-fno-objc-arc"; }; };
		CE2D9AC61CB65646009FEC85 /* wax_server.m in Sources */ = {isa = PBXBuildFile; fileRef = CE2D9A531CB65646009FEC85 /* wax_server.m */; settings = {COMPILER_FLAGS = "-fno-objc-arc"; }; };
		CE2D9AC71CB65646009FEC85 /* wax_struct.m in Sources */ = {isa = PBXBuildFile; fileRef = CE2D9A561CB65646009FEC85 /* wax_struct.m */; settings = {COMPILER_FLAGS = "-fno-objc-arc"; }; };
		CE2D9AC81CB65807009FEC85 /* SplashViewController.m in Sources */ = {isa = PBXBuildFile; fileRef = CE52351D1B69B31C002E621C /* SplashViewController.m */; };
		CE2D9ACD1CB658CD009FEC85 /* libxml2.tbd in Frameworks */ = {isa = PBXBuildFile; fileRef = CE2D9AC91CB6586A009FEC85 /* libxml2.tbd */; };
		CE2D9ACF1CB658DA009FEC85 /* libsqlite3.tbd in Frameworks */ = {isa = PBXBuildFile; fileRef = CE2D9ACE1CB658DA009FEC85 /* libsqlite3.tbd */; };
		CE5234F41B69AC45002E621C /* Images.xcassets in Resources */ = {isa = PBXBuildFile; fileRef = CE5234F31B69AC45002E621C /* Images.xcassets */; };
		CE5235031B69AC45002E621C /* WaxPatchTopicTests.m in Sources */ = {isa = PBXBuildFile; fileRef = CE5235021B69AC45002E621C /* WaxPatchTopicTests.m */; };
		CE5235151B69ACE6002E621C /* AppDelegate.m in Sources */ = {isa = PBXBuildFile; fileRef = CE52350E1B69ACE6002E621C /* AppDelegate.m */; };
		CE5235181B69ACE6002E621C /* main.m in Sources */ = {isa = PBXBuildFile; fileRef = CE5235141B69ACE6002E621C /* main.m */; };
		CE5235531B69ED8C002E621C /* libz.dylib in Frameworks */ = {isa = PBXBuildFile; fileRef = CE5235521B69ED8C002E621C /* libz.dylib */; };
		CE5235601B69EDB0002E621C /* ioapi.c in Sources */ = {isa = PBXBuildFile; fileRef = CE5235561B69EDB0002E621C /* ioapi.c */; settings = {COMPILER_FLAGS = "-fno-objc-arc"; }; };
		CE5235611B69EDB0002E621C /* mztools.c in Sources */ = {isa = PBXBuildFile; fileRef = CE5235581B69EDB0002E621C /* mztools.c */; settings = {COMPILER_FLAGS = "-fno-objc-arc"; }; };
		CE5235621B69EDB0002E621C /* unzip.c in Sources */ = {isa = PBXBuildFile; fileRef = CE52355A1B69EDB0002E621C /* unzip.c */; settings = {COMPILER_FLAGS = "-Wno-parentheses-equality -Wno-dangling-else -Wno-unused-variable"; }; };
		CE5235631B69EDB0002E621C /* zip.c in Sources */ = {isa = PBXBuildFile; fileRef = CE52355C1B69EDB0002E621C /* zip.c */; settings = {COMPILER_FLAGS = "-Wno-parentheses-equality -Wno-unused-function"; }; };
		CE5235641B69EDB0002E621C /* ZipArchive.mm in Sources */ = {isa = PBXBuildFile; fileRef = CE52355F1B69EDB0002E621C /* ZipArchive.mm */; settings = {COMPILER_FLAGS = "-fno-objc-arc -Wno-deprecated-declarations -Wno-shorten-64-to-32 -Wno-format-security -Wno-deprecated-declarations -Wno-undeclared-selector -Wno-format"; }; };
		CE52360D1B6A08CF002E621C /* Foundation.framework in Frameworks */ = {isa = PBXBuildFile; fileRef = CE52360C1B6A08CF002E621C /* Foundation.framework */; };
		CE52360F1B6A08DA002E621C /* UIKit.framework in Frameworks */ = {isa = PBXBuildFile; fileRef = CE52360E1B6A08DA002E621C /* UIKit.framework */; };
		CE5236111B6A0948002E621C /* CoreGraphics.framework in Frameworks */ = {isa = PBXBuildFile; fileRef = CE5236101B6A0948002E621C /* CoreGraphics.framework */; };
		CE824E6B1B6B0CCF009193BE /* MainViewController.m in Sources */ = {isa = PBXBuildFile; fileRef = CE824E6A1B6B0CCF009193BE /* MainViewController.m */; };
		CE824E6E1B6B0DEB009193BE /* DownloadPatchManager.m in Sources */ = {isa = PBXBuildFile; fileRef = CE824E6D1B6B0DEB009193BE /* DownloadPatchManager.m */; };
		CE824E711B6B0E9E009193BE /* Constant.m in Sources */ = {isa = PBXBuildFile; fileRef = CE824E701B6B0E9E009193BE /* Constant.m */; settings = {COMPILER_FLAGS = "-fno-objc-arc"; }; };
		CE824E741B6B1015009193BE /* CommonUtilty.m in Sources */ = {isa = PBXBuildFile; fileRef = CE824E731B6B1015009193BE /* CommonUtilty.m */; };
		CE824E771B6B190A009193BE /* Network.m in Sources */ = {isa = PBXBuildFile; fileRef = CE824E761B6B190A009193BE /* Network.m */; settings = {COMPILER_FLAGS = "-fno-objc-arc"; }; };
		CE824E7A1B6B1B24009193BE /* Model.m in Sources */ = {isa = PBXBuildFile; fileRef = CE824E791B6B1B24009193BE /* Model.m */; };
		CE824E7E1B6B3A8F009193BE /* NSString+Category.m in Sources */ = {isa = PBXBuildFile; fileRef = CE824E7D1B6B3A8F009193BE /* NSString+Category.m */; };
		CE824E811B6B481C009193BE /* TopicViewController.m in Sources */ = {isa = PBXBuildFile; fileRef = CE824E801B6B481C009193BE /* TopicViewController.m */; };
/* End PBXBuildFile section */

/* Begin PBXContainerItemProxy section */
		CE5234FD1B69AC45002E621C /* PBXContainerItemProxy */ = {
			isa = PBXContainerItemProxy;
			containerPortal = CE5234DB1B69AC45002E621C /* Project object */;
			proxyType = 1;
			remoteGlobalIDString = CE5234E21B69AC45002E621C;
			remoteInfo = WaxPatchTopic;
		};
/* End PBXContainerItemProxy section */

/* Begin PBXFileReference section */
		3205FE522729917BFA005F5B /* Pods-WaxPatchTopic.debug.xcconfig */ = {isa = PBXFileReference; includeInIndex = 1; lastKnownFileType = text.xcconfig; name = "Pods-WaxPatchTopic.debug.xcconfig"; path = "Pods/Target Support Files/Pods-WaxPatchTopic/Pods-WaxPatchTopic.debug.xcconfig"; sourceTree = "<group>"; };
		3F873020AC5A86223981A110 /* libPods-WaxPatchTopic.a */ = {isa = PBXFileReference; explicitFileType = archive.ar; includeInIndex = 0; path = "libPods-WaxPatchTopic.a"; sourceTree = BUILT_PRODUCTS_DIR; };
		CE2D998F1CB65646009FEC85 /* wax_config.h */ = {isa = PBXFileReference; fileEncoding = 4; lastKnownFileType = sourcecode.c.h; path = wax_config.h; sourceTree = "<group>"; };
		CE2D99901CB65646009FEC85 /* wax_config.m */ = {isa = PBXFileReference; fileEncoding = 4; lastKnownFileType = sourcecode.c.objc; path = wax_config.m; sourceTree = "<group>"; };
		CE2D99911CB65646009FEC85 /* wax_lock.h */ = {isa = PBXFileReference; fileEncoding = 4; lastKnownFileType = sourcecode.c.h; path = wax_lock.h; sourceTree = "<group>"; };
		CE2D99921CB65646009FEC85 /* wax_lock.m */ = {isa = PBXFileReference; fileEncoding = 4; lastKnownFileType = sourcecode.c.objc; path = wax_lock.m; sourceTree = "<group>"; };
		CE2D99A01CB65646009FEC85 /* wax_block.h */ = {isa = PBXFileReference; fileEncoding = 4; lastKnownFileType = sourcecode.c.h; path = wax_block.h; sourceTree = "<group>"; };
		CE2D99A11CB65646009FEC85 /* wax_block.m */ = {isa = PBXFileReference; fileEncoding = 4; lastKnownFileType = sourcecode.c.objc; path = wax_block.m; sourceTree = "<group>"; };
		CE2D99A21CB65646009FEC85 /* wax_block_call.h */ = {isa = PBXFileReference; fileEncoding = 4; lastKnownFileType = sourcecode.c.h; path = wax_block_call.h; sourceTree = "<group>"; };
		CE2D99A31CB65646009FEC85 /* wax_block_call.m */ = {isa = PBXFileReference; fileEncoding = 4; lastKnownFileType = sourcecode.c.objc; path = wax_block_call.m; sourceTree = "<group>"; };
		CE2D99A41CB65646009FEC85 /* wax_block_call_pool.h */ = {isa = PBXFileReference; fileEncoding = 4; lastKnownFileType = sourcecode.c.h; path = wax_block_call_pool.h; sourceTree = "<group>"; };
		CE2D99A51CB65646009FEC85 /* wax_block_call_pool.m */ = {isa = PBXFileReference; fileEncoding = 4; lastKnownFileType = sourcecode.c.objc; path = wax_block_call_pool.m; sourceTree = "<group>"; };
		CE2D99A61CB65646009FEC85 /* wax_block_description.h */ = {isa = PBXFileReference; fileEncoding = 4; lastKnownFileType = sourcecode.c.h; path = wax_block_description.h; sourceTree = "<group>"; };
		CE2D99A71CB65646009FEC85 /* wax_block_description.m */ = {isa = PBXFileReference; fileEncoding = 4; lastKnownFileType = sourcecode.c.objc; path = wax_block_description.m; sourceTree = "<group>"; };
		CE2D99A81CB65646009FEC85 /* wax_block_transfer.h */ = {isa = PBXFileReference; fileEncoding = 4; lastKnownFileType = sourcecode.c.h; path = wax_block_transfer.h; sourceTree = "<group>"; };
		CE2D99A91CB65646009FEC85 /* wax_block_transfer.m */ = {isa = PBXFileReference; fileEncoding = 4; lastKnownFileType = sourcecode.c.objc; path = wax_block_transfer.m; sourceTree = "<group>"; };
		CE2D99AA1CB65646009FEC85 /* wax_block_transfer_pool.h */ = {isa = PBXFileReference; fileEncoding = 4; lastKnownFileType = sourcecode.c.h; path = wax_block_transfer_pool.h; sourceTree = "<group>"; };
		CE2D99AB1CB65646009FEC85 /* wax_block_transfer_pool.m */ = {isa = PBXFileReference; fileEncoding = 4; lastKnownFileType = sourcecode.c.objc; path = wax_block_transfer_pool.m; sourceTree = "<group>"; };
		CE2D99AF1CB65646009FEC85 /* dispatch_lua.m */ = {isa = PBXFileReference; fileEncoding = 4; lastKnownFileType = sourcecode.c.objc; path = dispatch_lua.m; sourceTree = "<group>"; };
		CE2D99B01CB65646009FEC85 /* dispatch_lua.pkg */ = {isa = PBXFileReference; fileEncoding = 4; lastKnownFileType = text; path = dispatch_lua.pkg; sourceTree = "<group>"; };
		CE2D99B11CB65646009FEC85 /* objc_runtime_lua.m */ = {isa = PBXFileReference; fileEncoding = 4; lastKnownFileType = sourcecode.c.objc; path = objc_runtime_lua.m; sourceTree = "<group>"; };
		CE2D99B21CB65646009FEC85 /* objc_runtime_lua.pkg */ = {isa = PBXFileReference; fileEncoding = 4; lastKnownFileType = text; path = objc_runtime_lua.pkg; sourceTree = "<group>"; };
		CE2D99B31CB65646009FEC85 /* pthread.pkg */ = {isa = PBXFileReference; fileEncoding = 4; lastKnownFileType = text; path = pthread.pkg; sourceTree = "<group>"; };
		CE2D99B41CB65646009FEC85 /* pthread_lua.m */ = {isa = PBXFileReference; fileEncoding = 4; lastKnownFileType = sourcecode.c.objc; path = pthread_lua.m; sourceTree = "<group>"; };
		CE2D99B51CB65646009FEC85 /* UIKitFunction.pkg */ = {isa = PBXFileReference; fileEncoding = 4; lastKnownFileType = text; path = UIKitFunction.pkg; sourceTree = "<group>"; };
		CE2D99B61CB65646009FEC85 /* UIKitFunction_lua.m */ = {isa = PBXFileReference; fileEncoding = 4; lastKnownFileType = sourcecode.c.objc; path = UIKitFunction_lua.m; sourceTree = "<group>"; };
		CE2D99B71CB65646009FEC85 /* tolua++.h */ = {isa = PBXFileReference; fileEncoding = 4; lastKnownFileType = sourcecode.c.h; path = "tolua++.h"; sourceTree = "<group>"; };
		CE2D99B81CB65646009FEC85 /* tolua_event.c */ = {isa = PBXFileReference; fileEncoding = 4; lastKnownFileType = sourcecode.c.c; path = tolua_event.c; sourceTree = "<group>"; };
		CE2D99B91CB65646009FEC85 /* tolua_event.h */ = {isa = PBXFileReference; fileEncoding = 4; lastKnownFileType = sourcecode.c.h; path = tolua_event.h; sourceTree = "<group>"; };
		CE2D99BA1CB65646009FEC85 /* tolua_is.c */ = {isa = PBXFileReference; fileEncoding = 4; lastKnownFileType = sourcecode.c.c; path = tolua_is.c; sourceTree = "<group>"; };
		CE2D99BB1CB65646009FEC85 /* tolua_map.c */ = {isa = PBXFileReference; fileEncoding = 4; lastKnownFileType = sourcecode.c.c; path = tolua_map.c; sourceTree = "<group>"; };
		CE2D99BC1CB65646009FEC85 /* tolua_push.c */ = {isa = PBXFileReference; fileEncoding = 4; lastKnownFileType = sourcecode.c.c; path = tolua_push.c; sourceTree = "<group>"; };
		CE2D99BD1CB65646009FEC85 /* tolua_to.c */ = {isa = PBXFileReference; fileEncoding = 4; lastKnownFileType = sourcecode.c.c; path = tolua_to.c; sourceTree = "<group>"; };
		CE2D99BE1CB65646009FEC85 /* wax_capi.h */ = {isa = PBXFileReference; fileEncoding = 4; lastKnownFileType = sourcecode.c.h; path = wax_capi.h; sourceTree = "<group>"; };
		CE2D99BF1CB65646009FEC85 /* wax_capi.m */ = {isa = PBXFileReference; fileEncoding = 4; lastKnownFileType = sourcecode.c.objc; path = wax_capi.m; sourceTree = "<group>"; };
		CE2D99C11CB65646009FEC85 /* wax_CGTransform.h */ = {isa = PBXFileReference; fileEncoding = 4; lastKnownFileType = sourcecode.c.h; path = wax_CGTransform.h; sourceTree = "<group>"; };
		CE2D99C21CB65646009FEC85 /* wax_CGTransform.m */ = {isa = PBXFileReference; fileEncoding = 4; lastKnownFileType = sourcecode.c.objc; path = wax_CGTransform.m; sourceTree = "<group>"; };
		CE2D99C41CB65646009FEC85 /* wax_CGContext.h */ = {isa = PBXFileReference; fileEncoding = 4; lastKnownFileType = sourcecode.c.h; path = wax_CGContext.h; sourceTree = "<group>"; };
		CE2D99C51CB65646009FEC85 /* wax_CGContext.m */ = {isa = PBXFileReference; fileEncoding = 4; lastKnownFileType = sourcecode.c.objc; path = wax_CGContext.m; sourceTree = "<group>"; };
		CE2D99C71CB65646009FEC85 /* wax_filesystem.h */ = {isa = PBXFileReference; fileEncoding = 4; lastKnownFileType = sourcecode.c.h; path = wax_filesystem.h; sourceTree = "<group>"; };
		CE2D99C81CB65646009FEC85 /* wax_filesystem.m */ = {isa = PBXFileReference; fileEncoding = 4; lastKnownFileType = sourcecode.c.objc; path = wax_filesystem.m; sourceTree = "<group>"; };
		CE2D99CA1CB65646009FEC85 /* wax_http.h */ = {isa = PBXFileReference; fileEncoding = 4; lastKnownFileType = sourcecode.c.h; path = wax_http.h; sourceTree = "<group>"; };
		CE2D99CB1CB65646009FEC85 /* wax_http.m */ = {isa = PBXFileReference; fileEncoding = 4; lastKnownFileType = sourcecode.c.objc; path = wax_http.m; sourceTree = "<group>"; };
		CE2D99CC1CB65646009FEC85 /* wax_http_connection.h */ = {isa = PBXFileReference; fileEncoding = 4; lastKnownFileType = sourcecode.c.h; path = wax_http_connection.h; sourceTree = "<group>"; };
		CE2D99CD1CB65646009FEC85 /* wax_http_connection.m */ = {isa = PBXFileReference; fileEncoding = 4; lastKnownFileType = sourcecode.c.objc; path = wax_http_connection.m; sourceTree = "<group>"; };
		CE2D99CF1CB65646009FEC85 /* NSObject+TBIvarAccess.h */ = {isa = PBXFileReference; fileEncoding = 4; lastKnownFileType = sourcecode.c.h; path = "NSObject+TBIvarAccess.h"; sourceTree = "<group>"; };
		CE2D99D01CB65646009FEC85 /* NSObject+TBIvarAccess.m */ = {isa = PBXFileReference; fileEncoding = 4; lastKnownFileType = sourcecode.c.objc; path = "NSObject+TBIvarAccess.m"; sourceTree = "<group>"; };
		CE2D99D21CB65646009FEC85 /* Rakefile */ = {isa = PBXFileReference; fileEncoding = 4; lastKnownFileType = text; path = Rakefile; sourceTree = "<group>"; };
		CE2D99D31CB65646009FEC85 /* wax_json.c */ = {isa = PBXFileReference; fileEncoding = 4; lastKnownFileType = sourcecode.c.c; path = wax_json.c; sourceTree = "<group>"; };
		CE2D99D41CB65646009FEC85 /* wax_json.h */ = {isa = PBXFileReference; fileEncoding = 4; lastKnownFileType = sourcecode.c.h; path = wax_json.h; sourceTree = "<group>"; };
		CE2D99D71CB65646009FEC85 /* yajl_common.h */ = {isa = PBXFileReference; fileEncoding = 4; lastKnownFileType = sourcecode.c.h; path = yajl_common.h; sourceTree = "<group>"; };
		CE2D99D81CB65646009FEC85 /* yajl_gen.h */ = {isa = PBXFileReference; fileEncoding = 4; lastKnownFileType = sourcecode.c.h; path = yajl_gen.h; sourceTree = "<group>"; };
		CE2D99D91CB65646009FEC85 /* yajl_parse.h */ = {isa = PBXFileReference; fileEncoding = 4; lastKnownFileType = sourcecode.c.h; path = yajl_parse.h; sourceTree = "<group>"; };
		CE2D99DA1CB65646009FEC85 /* yajl.c */ = {isa = PBXFileReference; fileEncoding = 4; lastKnownFileType = sourcecode.c.c; path = yajl.c; sourceTree = "<group>"; };
		CE2D99DB1CB65646009FEC85 /* yajl_alloc.c */ = {isa = PBXFileReference; fileEncoding = 4; lastKnownFileType = sourcecode.c.c; path = yajl_alloc.c; sourceTree = "<group>"; };
		CE2D99DC1CB65646009FEC85 /* yajl_alloc.h */ = {isa = PBXFileReference; fileEncoding = 4; lastKnownFileType = sourcecode.c.h; path = yajl_alloc.h; sourceTree = "<group>"; };
		CE2D99DD1CB65646009FEC85 /* yajl_buf.c */ = {isa = PBXFileReference; fileEncoding = 4; lastKnownFileType = sourcecode.c.c; path = yajl_buf.c; sourceTree = "<group>"; };
		CE2D99DE1CB65646009FEC85 /* yajl_buf.h */ = {isa = PBXFileReference; fileEncoding = 4; lastKnownFileType = sourcecode.c.h; path = yajl_buf.h; sourceTree = "<group>"; };
		CE2D99DF1CB65646009FEC85 /* yajl_bytestack.h */ = {isa = PBXFileReference; fileEncoding = 4; lastKnownFileType = sourcecode.c.h; path = yajl_bytestack.h; sourceTree = "<group>"; };
		CE2D99E01CB65646009FEC85 /* yajl_common.h */ = {isa = PBXFileReference; fileEncoding = 4; lastKnownFileType = sourcecode.c.h; path = yajl_common.h; sourceTree = "<group>"; };
		CE2D99E11CB65646009FEC85 /* yajl_encode.c */ = {isa = PBXFileReference; fileEncoding = 4; lastKnownFileType = sourcecode.c.c; path = yajl_encode.c; sourceTree = "<group>"; };
		CE2D99E21CB65646009FEC85 /* yajl_encode.h */ = {isa = PBXFileReference; fileEncoding = 4; lastKnownFileType = sourcecode.c.h; path = yajl_encode.h; sourceTree = "<group>"; };
		CE2D99E31CB65646009FEC85 /* yajl_gen.c */ = {isa = PBXFileReference; fileEncoding = 4; lastKnownFileType = sourcecode.c.c; path = yajl_gen.c; sourceTree = "<group>"; };
		CE2D99E41CB65646009FEC85 /* yajl_gen.h */ = {isa = PBXFileReference; fileEncoding = 4; lastKnownFileType = sourcecode.c.h; path = yajl_gen.h; sourceTree = "<group>"; };
		CE2D99E51CB65646009FEC85 /* yajl_lex.c */ = {isa = PBXFileReference; fileEncoding = 4; lastKnownFileType = sourcecode.c.c; path = yajl_lex.c; sourceTree = "<group>"; };
		CE2D99E61CB65646009FEC85 /* yajl_lex.h */ = {isa = PBXFileReference; fileEncoding = 4; lastKnownFileType = sourcecode.c.h; path = yajl_lex.h; sourceTree = "<group>"; };
		CE2D99E71CB65646009FEC85 /* yajl_parse.h */ = {isa = PBXFileReference; fileEncoding = 4; lastKnownFileType = sourcecode.c.h; path = yajl_parse.h; sourceTree = "<group>"; };
		CE2D99E81CB65646009FEC85 /* yajl_parser.c */ = {isa = PBXFileReference; fileEncoding = 4; lastKnownFileType = sourcecode.c.c; path = yajl_parser.c; sourceTree = "<group>"; };
		CE2D99E91CB65646009FEC85 /* yajl_parser.h */ = {isa = PBXFileReference; fileEncoding = 4; lastKnownFileType = sourcecode.c.h; path = yajl_parser.h; sourceTree = "<group>"; };
		CE2D99EA1CB65646009FEC85 /* yajl-1.0.9.tar.gz */ = {isa = PBXFileReference; lastKnownFileType = archive.gzip; path = "yajl-1.0.9.tar.gz"; sourceTree = "<group>"; };
		CE2D99EC1CB65646009FEC85 /* wax_sqlite.h */ = {isa = PBXFileReference; fileEncoding = 4; lastKnownFileType = sourcecode.c.h; path = wax_sqlite.h; sourceTree = "<group>"; };
		CE2D99ED1CB65646009FEC85 /* wax_sqlite.m */ = {isa = PBXFileReference; fileEncoding = 4; lastKnownFileType = sourcecode.c.objc; path = wax_sqlite.m; sourceTree = "<group>"; };
		CE2D99EE1CB65646009FEC85 /* wax_sqlite_operation.h */ = {isa = PBXFileReference; fileEncoding = 4; lastKnownFileType = sourcecode.c.h; path = wax_sqlite_operation.h; sourceTree = "<group>"; };
		CE2D99EF1CB65646009FEC85 /* wax_sqlite_operation.m */ = {isa = PBXFileReference; fileEncoding = 4; lastKnownFileType = sourcecode.c.objc; path = wax_sqlite_operation.m; sourceTree = "<group>"; };
		CE2D99F11CB65646009FEC85 /* wax_xml.h */ = {isa = PBXFileReference; fileEncoding = 4; lastKnownFileType = sourcecode.c.h; path = wax_xml.h; sourceTree = "<group>"; };
		CE2D99F21CB65646009FEC85 /* wax_xml.m */ = {isa = PBXFileReference; fileEncoding = 4; lastKnownFileType = sourcecode.c.objc; path = wax_xml.m; sourceTree = "<group>"; };
		CE2D99F41CB65646009FEC85 /* lapi.c */ = {isa = PBXFileReference; fileEncoding = 4; lastKnownFileType = sourcecode.c.c; path = lapi.c; sourceTree = "<group>"; };
		CE2D99F51CB65646009FEC85 /* lapi.h */ = {isa = PBXFileReference; fileEncoding = 4; lastKnownFileType = sourcecode.c.h; path = lapi.h; sourceTree = "<group>"; };
		CE2D99F61CB65646009FEC85 /* lauxlib.c */ = {isa = PBXFileReference; fileEncoding = 4; lastKnownFileType = sourcecode.c.c; path = lauxlib.c; sourceTree = "<group>"; };
		CE2D99F71CB65646009FEC85 /* lauxlib.h */ = {isa = PBXFileReference; fileEncoding = 4; lastKnownFileType = sourcecode.c.h; path = lauxlib.h; sourceTree = "<group>"; };
		CE2D99F81CB65646009FEC85 /* lbaselib.c */ = {isa = PBXFileReference; fileEncoding = 4; lastKnownFileType = sourcecode.c.c; path = lbaselib.c; sourceTree = "<group>"; };
		CE2D99F91CB65646009FEC85 /* lcode.c */ = {isa = PBXFileReference; fileEncoding = 4; lastKnownFileType = sourcecode.c.c; path = lcode.c; sourceTree = "<group>"; };
		CE2D99FA1CB65646009FEC85 /* lcode.h */ = {isa = PBXFileReference; fileEncoding = 4; lastKnownFileType = sourcecode.c.h; path = lcode.h; sourceTree = "<group>"; };
		CE2D99FB1CB65646009FEC85 /* ldblib.c */ = {isa = PBXFileReference; fileEncoding = 4; lastKnownFileType = sourcecode.c.c; path = ldblib.c; sourceTree = "<group>"; };
		CE2D99FC1CB65646009FEC85 /* ldebug.c */ = {isa = PBXFileReference; fileEncoding = 4; lastKnownFileType = sourcecode.c.c; path = ldebug.c; sourceTree = "<group>"; };
		CE2D99FD1CB65646009FEC85 /* ldebug.h */ = {isa = PBXFileReference; fileEncoding = 4; lastKnownFileType = sourcecode.c.h; path = ldebug.h; sourceTree = "<group>"; };
		CE2D99FE1CB65646009FEC85 /* ldo.c */ = {isa = PBXFileReference; fileEncoding = 4; lastKnownFileType = sourcecode.c.c; path = ldo.c; sourceTree = "<group>"; };
		CE2D99FF1CB65646009FEC85 /* ldo.h */ = {isa = PBXFileReference; fileEncoding = 4; lastKnownFileType = sourcecode.c.h; path = ldo.h; sourceTree = "<group>"; };
		CE2D9A001CB65646009FEC85 /* ldump.c */ = {isa = PBXFileReference; fileEncoding = 4; lastKnownFileType = sourcecode.c.c; path = ldump.c; sourceTree = "<group>"; };
		CE2D9A011CB65646009FEC85 /* lfunc.c */ = {isa = PBXFileReference; fileEncoding = 4; lastKnownFileType = sourcecode.c.c; path = lfunc.c; sourceTree = "<group>"; };
		CE2D9A021CB65646009FEC85 /* lfunc.h */ = {isa = PBXFileReference; fileEncoding = 4; lastKnownFileType = sourcecode.c.h; path = lfunc.h; sourceTree = "<group>"; };
		CE2D9A031CB65646009FEC85 /* lgc.c */ = {isa = PBXFileReference; fileEncoding = 4; lastKnownFileType = sourcecode.c.c; path = lgc.c; sourceTree = "<group>"; };
		CE2D9A041CB65646009FEC85 /* lgc.h */ = {isa = PBXFileReference; fileEncoding = 4; lastKnownFileType = sourcecode.c.h; path = lgc.h; sourceTree = "<group>"; };
		CE2D9A051CB65646009FEC85 /* linit.c */ = {isa = PBXFileReference; fileEncoding = 4; lastKnownFileType = sourcecode.c.c; path = linit.c; sourceTree = "<group>"; };
		CE2D9A061CB65646009FEC85 /* liolib.c */ = {isa = PBXFileReference; fileEncoding = 4; lastKnownFileType = sourcecode.c.c; path = liolib.c; sourceTree = "<group>"; };
		CE2D9A071CB65646009FEC85 /* llex.c */ = {isa = PBXFileReference; fileEncoding = 4; lastKnownFileType = sourcecode.c.c; path = llex.c; sourceTree = "<group>"; };
		CE2D9A081CB65646009FEC85 /* llex.h */ = {isa = PBXFileReference; fileEncoding = 4; lastKnownFileType = sourcecode.c.h; path = llex.h; sourceTree = "<group>"; };
		CE2D9A091CB65646009FEC85 /* llimits.h */ = {isa = PBXFileReference; fileEncoding = 4; lastKnownFileType = sourcecode.c.h; path = llimits.h; sourceTree = "<group>"; };
		CE2D9A0A1CB65646009FEC85 /* lmathlib.c */ = {isa = PBXFileReference; fileEncoding = 4; lastKnownFileType = sourcecode.c.c; path = lmathlib.c; sourceTree = "<group>"; };
		CE2D9A0B1CB65646009FEC85 /* lmem.c */ = {isa = PBXFileReference; fileEncoding = 4; lastKnownFileType = sourcecode.c.c; path = lmem.c; sourceTree = "<group>"; };
		CE2D9A0C1CB65646009FEC85 /* lmem.h */ = {isa = PBXFileReference; fileEncoding = 4; lastKnownFileType = sourcecode.c.h; path = lmem.h; sourceTree = "<group>"; };
		CE2D9A0D1CB65646009FEC85 /* loadlib.c */ = {isa = PBXFileReference; fileEncoding = 4; lastKnownFileType = sourcecode.c.c; path = loadlib.c; sourceTree = "<group>"; };
		CE2D9A0E1CB65646009FEC85 /* lobject.c */ = {isa = PBXFileReference; fileEncoding = 4; lastKnownFileType = sourcecode.c.c; path = lobject.c; sourceTree = "<group>"; };
		CE2D9A0F1CB65646009FEC85 /* lobject.h */ = {isa = PBXFileReference; fileEncoding = 4; lastKnownFileType = sourcecode.c.h; path = lobject.h; sourceTree = "<group>"; };
		CE2D9A101CB65646009FEC85 /* lopcodes.c */ = {isa = PBXFileReference; fileEncoding = 4; lastKnownFileType = sourcecode.c.c; path = lopcodes.c; sourceTree = "<group>"; };
		CE2D9A111CB65646009FEC85 /* lopcodes.h */ = {isa = PBXFileReference; fileEncoding = 4; lastKnownFileType = sourcecode.c.h; path = lopcodes.h; sourceTree = "<group>"; };
		CE2D9A121CB65646009FEC85 /* loslib.c */ = {isa = PBXFileReference; fileEncoding = 4; lastKnownFileType = sourcecode.c.c; path = loslib.c; sourceTree = "<group>"; };
		CE2D9A131CB65646009FEC85 /* lparser.c */ = {isa = PBXFileReference; fileEncoding = 4; lastKnownFileType = sourcecode.c.c; path = lparser.c; sourceTree = "<group>"; };
		CE2D9A141CB65646009FEC85 /* lparser.h */ = {isa = PBXFileReference; fileEncoding = 4; lastKnownFileType = sourcecode.c.h; path = lparser.h; sourceTree = "<group>"; };
		CE2D9A151CB65646009FEC85 /* lstate.c */ = {isa = PBXFileReference; fileEncoding = 4; lastKnownFileType = sourcecode.c.c; path = lstate.c; sourceTree = "<group>"; };
		CE2D9A161CB65646009FEC85 /* lstate.h */ = {isa = PBXFileReference; fileEncoding = 4; lastKnownFileType = sourcecode.c.h; path = lstate.h; sourceTree = "<group>"; };
		CE2D9A171CB65646009FEC85 /* lstring.c */ = {isa = PBXFileReference; fileEncoding = 4; lastKnownFileType = sourcecode.c.c; path = lstring.c; sourceTree = "<group>"; };
		CE2D9A181CB65646009FEC85 /* lstring.h */ = {isa = PBXFileReference; fileEncoding = 4; lastKnownFileType = sourcecode.c.h; path = lstring.h; sourceTree = "<group>"; };
		CE2D9A191CB65646009FEC85 /* lstrlib.c */ = {isa = PBXFileReference; fileEncoding = 4; lastKnownFileType = sourcecode.c.c; path = lstrlib.c; sourceTree = "<group>"; };
		CE2D9A1A1CB65646009FEC85 /* ltable.c */ = {isa = PBXFileReference; fileEncoding = 4; lastKnownFileType = sourcecode.c.c; path = ltable.c; sourceTree = "<group>"; };
		CE2D9A1B1CB65646009FEC85 /* ltable.h */ = {isa = PBXFileReference; fileEncoding = 4; lastKnownFileType = sourcecode.c.h; path = ltable.h; sourceTree = "<group>"; };
		CE2D9A1C1CB65646009FEC85 /* ltablib.c */ = {isa = PBXFileReference; fileEncoding = 4; lastKnownFileType = sourcecode.c.c; path = ltablib.c; sourceTree = "<group>"; };
		CE2D9A1D1CB65646009FEC85 /* ltm.c */ = {isa = PBXFileReference; fileEncoding = 4; lastKnownFileType = sourcecode.c.c; path = ltm.c; sourceTree = "<group>"; };
		CE2D9A1E1CB65646009FEC85 /* ltm.h */ = {isa = PBXFileReference; fileEncoding = 4; lastKnownFileType = sourcecode.c.h; path = ltm.h; sourceTree = "<group>"; };
		CE2D9A1F1CB65646009FEC85 /* lua.h */ = {isa = PBXFileReference; fileEncoding = 4; lastKnownFileType = sourcecode.c.h; path = lua.h; sourceTree = "<group>"; };
		CE2D9A201CB65646009FEC85 /* luaconf.h */ = {isa = PBXFileReference; fileEncoding = 4; lastKnownFileType = sourcecode.c.h; path = luaconf.h; sourceTree = "<group>"; };
		CE2D9A211CB65646009FEC85 /* lualib.h */ = {isa = PBXFileReference; fileEncoding = 4; lastKnownFileType = sourcecode.c.h; path = lualib.h; sourceTree = "<group>"; };
		CE2D9A221CB65646009FEC85 /* lundump.c */ = {isa = PBXFileReference; fileEncoding = 4; lastKnownFileType = sourcecode.c.c; path = lundump.c; sourceTree = "<group>"; };
		CE2D9A231CB65646009FEC85 /* lundump.h */ = {isa = PBXFileReference; fileEncoding = 4; lastKnownFileType = sourcecode.c.h; path = lundump.h; sourceTree = "<group>"; };
		CE2D9A241CB65646009FEC85 /* lvm.c */ = {isa = PBXFileReference; fileEncoding = 4; lastKnownFileType = sourcecode.c.c; path = lvm.c; sourceTree = "<group>"; };
		CE2D9A251CB65646009FEC85 /* lvm.h */ = {isa = PBXFileReference; fileEncoding = 4; lastKnownFileType = sourcecode.c.h; path = lvm.h; sourceTree = "<group>"; };
		CE2D9A261CB65646009FEC85 /* lzio.c */ = {isa = PBXFileReference; fileEncoding = 4; lastKnownFileType = sourcecode.c.c; path = lzio.c; sourceTree = "<group>"; };
		CE2D9A271CB65646009FEC85 /* lzio.h */ = {isa = PBXFileReference; fileEncoding = 4; lastKnownFileType = sourcecode.c.h; path = lzio.h; sourceTree = "<group>"; };
		CE2D9A281CB65646009FEC85 /* print.c */ = {isa = PBXFileReference; fileEncoding = 4; lastKnownFileType = sourcecode.c.c; path = print.c; sourceTree = "<group>"; };
		CE2D9A291CB65646009FEC85 /* project.rake */ = {isa = PBXFileReference; fileEncoding = 4; lastKnownFileType = text; path = project.rake; sourceTree = "<group>"; };
		CE2D9A2A1CB65646009FEC85 /* ProtocolLoader.h */ = {isa = PBXFileReference; fileEncoding = 4; lastKnownFileType = sourcecode.c.h; path = ProtocolLoader.h; sourceTree = "<group>"; };
		CE2D9A471CB65646009FEC85 /* wax.h */ = {isa = PBXFileReference; fileEncoding = 4; lastKnownFileType = sourcecode.c.h; path = wax.h; sourceTree = "<group>"; };
		CE2D9A481CB65646009FEC85 /* wax.m */ = {isa = PBXFileReference; fileEncoding = 4; lastKnownFileType = sourcecode.c.objc; path = wax.m; sourceTree = "<group>"; };
		CE2D9A491CB65646009FEC85 /* wax_class.h */ = {isa = PBXFileReference; fileEncoding = 4; lastKnownFileType = sourcecode.c.h; path = wax_class.h; sourceTree = "<group>"; };
		CE2D9A4A1CB65646009FEC85 /* wax_class.m */ = {isa = PBXFileReference; fileEncoding = 4; lastKnownFileType = sourcecode.c.objc; path = wax_class.m; sourceTree = "<group>"; };
		CE2D9A4B1CB65646009FEC85 /* wax_define.h */ = {isa = PBXFileReference; fileEncoding = 4; lastKnownFileType = sourcecode.c.h; path = wax_define.h; sourceTree = "<group>"; };
		CE2D9A4C1CB65646009FEC85 /* wax_gc.h */ = {isa = PBXFileReference; fileEncoding = 4; lastKnownFileType = sourcecode.c.h; path = wax_gc.h; sourceTree = "<group>"; };
		CE2D9A4D1CB65646009FEC85 /* wax_gc.m */ = {isa = PBXFileReference; fileEncoding = 4; lastKnownFileType = sourcecode.c.objc; path = wax_gc.m; sourceTree = "<group>"; };
		CE2D9A4E1CB65646009FEC85 /* wax_helpers.h */ = {isa = PBXFileReference; fileEncoding = 4; lastKnownFileType = sourcecode.c.h; path = wax_helpers.h; sourceTree = "<group>"; };
		CE2D9A4F1CB65646009FEC85 /* wax_helpers.m */ = {isa = PBXFileReference; fileEncoding = 4; lastKnownFileType = sourcecode.c.objc; path = wax_helpers.m; sourceTree = "<group>"; };
		CE2D9A501CB65646009FEC85 /* wax_instance.h */ = {isa = PBXFileReference; fileEncoding = 4; lastKnownFileType = sourcecode.c.h; path = wax_instance.h; sourceTree = "<group>"; };
		CE2D9A511CB65646009FEC85 /* wax_instance.m */ = {isa = PBXFileReference; fileEncoding = 4; lastKnownFileType = sourcecode.c.objc; path = wax_instance.m; sourceTree = "<group>"; };
		CE2D9A521CB65646009FEC85 /* wax_server.h */ = {isa = PBXFileReference; fileEncoding = 4; lastKnownFileType = sourcecode.c.h; path = wax_server.h; sourceTree = "<group>"; };
		CE2D9A531CB65646009FEC85 /* wax_server.m */ = {isa = PBXFileReference; fileEncoding = 4; lastKnownFileType = sourcecode.c.objc; path = wax_server.m; sourceTree = "<group>"; };
		CE2D9A541CB65646009FEC85 /* wax_stdlib.h */ = {isa = PBXFileReference; fileEncoding = 4; lastKnownFileType = sourcecode.c.h; path = wax_stdlib.h; sourceTree = "<group>"; };
		CE2D9A551CB65646009FEC85 /* wax_struct.h */ = {isa = PBXFileReference; fileEncoding = 4; lastKnownFileType = sourcecode.c.h; path = wax_struct.h; sourceTree = "<group>"; };
		CE2D9A561CB65646009FEC85 /* wax_struct.m */ = {isa = PBXFileReference; fileEncoding = 4; lastKnownFileType = sourcecode.c.objc; path = wax_struct.m; sourceTree = "<group>"; };
		CE2D9AC91CB6586A009FEC85 /* libxml2.tbd */ = {isa = PBXFileReference; lastKnownFileType = "sourcecode.text-based-dylib-definition"; name = libxml2.tbd; path = usr/lib/libxml2.tbd; sourceTree = SDKROOT; };
		CE2D9ACE1CB658DA009FEC85 /* libsqlite3.tbd */ = {isa = PBXFileReference; lastKnownFileType = "sourcecode.text-based-dylib-definition"; name = libsqlite3.tbd; path = usr/lib/libsqlite3.tbd; sourceTree = SDKROOT; };
		CE5234E31B69AC45002E621C /* WaxPatchTopic.app */ = {isa = PBXFileReference; explicitFileType = wrapper.application; includeInIndex = 0; path = WaxPatchTopic.app; sourceTree = BUILT_PRODUCTS_DIR; };
		CE5234F31B69AC45002E621C /* Images.xcassets */ = {isa = PBXFileReference; lastKnownFileType = folder.assetcatalog; path = Images.xcassets; sourceTree = "<group>"; };
		CE5234FC1B69AC45002E621C /* WaxPatchTopicTests.xctest */ = {isa = PBXFileReference; explicitFileType = wrapper.cfbundle; includeInIndex = 0; path = WaxPatchTopicTests.xctest; sourceTree = BUILT_PRODUCTS_DIR; };
		CE5235011B69AC45002E621C /* Info.plist */ = {isa = PBXFileReference; lastKnownFileType = text.plist.xml; path = Info.plist; sourceTree = "<group>"; };
		CE5235021B69AC45002E621C /* WaxPatchTopicTests.m */ = {isa = PBXFileReference; lastKnownFileType = sourcecode.c.objc; path = WaxPatchTopicTests.m; sourceTree = "<group>"; };
		CE52350D1B69ACE6002E621C /* AppDelegate.h */ = {isa = PBXFileReference; fileEncoding = 4; lastKnownFileType = sourcecode.c.h; path = AppDelegate.h; sourceTree = "<group>"; };
		CE52350E1B69ACE6002E621C /* AppDelegate.m */ = {isa = PBXFileReference; fileEncoding = 4; lastKnownFileType = sourcecode.c.objc; path = AppDelegate.m; sourceTree = "<group>"; };
		CE5235131B69ACE6002E621C /* Info.plist */ = {isa = PBXFileReference; fileEncoding = 4; lastKnownFileType = text.plist.xml; path = Info.plist; sourceTree = "<group>"; };
		CE5235141B69ACE6002E621C /* main.m */ = {isa = PBXFileReference; fileEncoding = 4; lastKnownFileType = sourcecode.c.objc; path = main.m; sourceTree = "<group>"; };
		CE52351C1B69B31C002E621C /* SplashViewController.h */ = {isa = PBXFileReference; fileEncoding = 4; lastKnownFileType = sourcecode.c.h; path = SplashViewController.h; sourceTree = "<group>"; };
		CE52351D1B69B31C002E621C /* SplashViewController.m */ = {isa = PBXFileReference; fileEncoding = 4; lastKnownFileType = sourcecode.c.objc; path = SplashViewController.m; sourceTree = "<group>"; };
		CE5235521B69ED8C002E621C /* libz.dylib */ = {isa = PBXFileReference; lastKnownFileType = "compiled.mach-o.dylib"; name = libz.dylib; path = usr/lib/libz.dylib; sourceTree = SDKROOT; };
		CE5235551B69EDB0002E621C /* crypt.h */ = {isa = PBXFileReference; fileEncoding = 4; lastKnownFileType = sourcecode.c.h; path = crypt.h; sourceTree = "<group>"; };
		CE5235561B69EDB0002E621C /* ioapi.c */ = {isa = PBXFileReference; fileEncoding = 4; lastKnownFileType = sourcecode.c.c; path = ioapi.c; sourceTree = "<group>"; };
		CE5235571B69EDB0002E621C /* ioapi.h */ = {isa = PBXFileReference; fileEncoding = 4; lastKnownFileType = sourcecode.c.h; path = ioapi.h; sourceTree = "<group>"; };
		CE5235581B69EDB0002E621C /* mztools.c */ = {isa = PBXFileReference; fileEncoding = 4; lastKnownFileType = sourcecode.c.c; path = mztools.c; sourceTree = "<group>"; };
		CE5235591B69EDB0002E621C /* mztools.h */ = {isa = PBXFileReference; fileEncoding = 4; lastKnownFileType = sourcecode.c.h; path = mztools.h; sourceTree = "<group>"; };
		CE52355A1B69EDB0002E621C /* unzip.c */ = {isa = PBXFileReference; fileEncoding = 4; lastKnownFileType = sourcecode.c.c; path = unzip.c; sourceTree = "<group>"; };
		CE52355B1B69EDB0002E621C /* unzip.h */ = {isa = PBXFileReference; fileEncoding = 4; lastKnownFileType = sourcecode.c.h; path = unzip.h; sourceTree = "<group>"; };
		CE52355C1B69EDB0002E621C /* zip.c */ = {isa = PBXFileReference; fileEncoding = 4; lastKnownFileType = sourcecode.c.c; path = zip.c; sourceTree = "<group>"; };
		CE52355D1B69EDB0002E621C /* zip.h */ = {isa = PBXFileReference; fileEncoding = 4; lastKnownFileType = sourcecode.c.h; path = zip.h; sourceTree = "<group>"; };
		CE52355E1B69EDB0002E621C /* ZipArchive.h */ = {isa = PBXFileReference; fileEncoding = 4; lastKnownFileType = sourcecode.c.h; path = ZipArchive.h; sourceTree = "<group>"; };
		CE52355F1B69EDB0002E621C /* ZipArchive.mm */ = {isa = PBXFileReference; fileEncoding = 4; lastKnownFileType = sourcecode.cpp.objcpp; path = ZipArchive.mm; sourceTree = "<group>"; };
		CE52360C1B6A08CF002E621C /* Foundation.framework */ = {isa = PBXFileReference; lastKnownFileType = wrapper.framework; name = Foundation.framework; path = System/Library/Frameworks/Foundation.framework; sourceTree = SDKROOT; };
		CE52360E1B6A08DA002E621C /* UIKit.framework */ = {isa = PBXFileReference; lastKnownFileType = wrapper.framework; name = UIKit.framework; path = System/Library/Frameworks/UIKit.framework; sourceTree = SDKROOT; };
		CE5236101B6A0948002E621C /* CoreGraphics.framework */ = {isa = PBXFileReference; lastKnownFileType = wrapper.framework; name = CoreGraphics.framework; path = System/Library/Frameworks/CoreGraphics.framework; sourceTree = SDKROOT; };
		CE824E691B6B0CCF009193BE /* MainViewController.h */ = {isa = PBXFileReference; fileEncoding = 4; lastKnownFileType = sourcecode.c.h; path = MainViewController.h; sourceTree = "<group>"; };
		CE824E6A1B6B0CCF009193BE /* MainViewController.m */ = {isa = PBXFileReference; fileEncoding = 4; lastKnownFileType = sourcecode.c.objc; path = MainViewController.m; sourceTree = "<group>"; };
		CE824E6C1B6B0DEB009193BE /* DownloadPatchManager.h */ = {isa = PBXFileReference; fileEncoding = 4; lastKnownFileType = sourcecode.c.h; path = DownloadPatchManager.h; sourceTree = "<group>"; };
		CE824E6D1B6B0DEB009193BE /* DownloadPatchManager.m */ = {isa = PBXFileReference; fileEncoding = 4; lastKnownFileType = sourcecode.c.objc; path = DownloadPatchManager.m; sourceTree = "<group>"; };
		CE824E6F1B6B0E9E009193BE /* Constant.h */ = {isa = PBXFileReference; fileEncoding = 4; lastKnownFileType = sourcecode.c.h; path = Constant.h; sourceTree = "<group>"; };
		CE824E701B6B0E9E009193BE /* Constant.m */ = {isa = PBXFileReference; fileEncoding = 4; lastKnownFileType = sourcecode.c.objc; path = Constant.m; sourceTree = "<group>"; };
		CE824E721B6B1015009193BE /* CommonUtility.h */ = {isa = PBXFileReference; fileEncoding = 4; lastKnownFileType = sourcecode.c.h; path = CommonUtility.h; sourceTree = "<group>"; };
		CE824E731B6B1015009193BE /* CommonUtilty.m */ = {isa = PBXFileReference; fileEncoding = 4; lastKnownFileType = sourcecode.c.objc; path = CommonUtilty.m; sourceTree = "<group>"; };
		CE824E751B6B190A009193BE /* Network.h */ = {isa = PBXFileReference; fileEncoding = 4; lastKnownFileType = sourcecode.c.h; path = Network.h; sourceTree = "<group>"; };
		CE824E761B6B190A009193BE /* Network.m */ = {isa = PBXFileReference; fileEncoding = 4; lastKnownFileType = sourcecode.c.objc; path = Network.m; sourceTree = "<group>"; };
		CE824E781B6B1B24009193BE /* Model.h */ = {isa = PBXFileReference; fileEncoding = 4; lastKnownFileType = sourcecode.c.h; path = Model.h; sourceTree = "<group>"; };
		CE824E791B6B1B24009193BE /* Model.m */ = {isa = PBXFileReference; fileEncoding = 4; lastKnownFileType = sourcecode.c.objc; path = Model.m; sourceTree = "<group>"; };
		CE824E7C1B6B3A8F009193BE /* NSString+Category.h */ = {isa = PBXFileReference; fileEncoding = 4; lastKnownFileType = sourcecode.c.h; path = "NSString+Category.h"; sourceTree = "<group>"; };
		CE824E7D1B6B3A8F009193BE /* NSString+Category.m */ = {isa = PBXFileReference; fileEncoding = 4; lastKnownFileType = sourcecode.c.objc; path = "NSString+Category.m"; sourceTree = "<group>"; };
		CE824E7F1B6B481C009193BE /* TopicViewController.h */ = {isa = PBXFileReference; fileEncoding = 4; lastKnownFileType = sourcecode.c.h; path = TopicViewController.h; sourceTree = "<group>"; };
		CE824E801B6B481C009193BE /* TopicViewController.m */ = {isa = PBXFileReference; fileEncoding = 4; lastKnownFileType = sourcecode.c.objc; path = TopicViewController.m; sourceTree = "<group>"; };
		E15774D107E86B0811DAB9BF /* Pods-WaxPatchTopic.release.xcconfig */ = {isa = PBXFileReference; includeInIndex = 1; lastKnownFileType = text.xcconfig; name = "Pods-WaxPatchTopic.release.xcconfig"; path = "Pods/Target Support Files/Pods-WaxPatchTopic/Pods-WaxPatchTopic.release.xcconfig"; sourceTree = "<group>"; };
/* End PBXFileReference section */

/* Begin PBXFrameworksBuildPhase section */
		CE5234E01B69AC45002E621C /* Frameworks */ = {
			isa = PBXFrameworksBuildPhase;
			buildActionMask = 2147483647;
			files = (
				CE2D9ACF1CB658DA009FEC85 /* libsqlite3.tbd in Frameworks */,
				CE2D9ACD1CB658CD009FEC85 /* libxml2.tbd in Frameworks */,
				CE5236111B6A0948002E621C /* CoreGraphics.framework in Frameworks */,
				CE52360F1B6A08DA002E621C /* UIKit.framework in Frameworks */,
				CE52360D1B6A08CF002E621C /* Foundation.framework in Frameworks */,
				CE5235531B69ED8C002E621C /* libz.dylib in Frameworks */,
				AD4B6BC884DC83AE60B2C986 /* libPods-WaxPatchTopic.a in Frameworks */,
			);
			runOnlyForDeploymentPostprocessing = 0;
		};
		CE5234F91B69AC45002E621C /* Frameworks */ = {
			isa = PBXFrameworksBuildPhase;
			buildActionMask = 2147483647;
			files = (
			);
			runOnlyForDeploymentPostprocessing = 0;
		};
/* End PBXFrameworksBuildPhase section */

/* Begin PBXGroup section */
		3C0C0EB307C7C84BFF5453A7 /* Frameworks */ = {
			isa = PBXGroup;
			children = (
				CE2D9ACE1CB658DA009FEC85 /* libsqlite3.tbd */,
				CE2D9AC91CB6586A009FEC85 /* libxml2.tbd */,
				CE5236101B6A0948002E621C /* CoreGraphics.framework */,
				CE52360E1B6A08DA002E621C /* UIKit.framework */,
				CE52360C1B6A08CF002E621C /* Foundation.framework */,
				CE5235521B69ED8C002E621C /* libz.dylib */,
				3F873020AC5A86223981A110 /* libPods-WaxPatchTopic.a */,
			);
			name = Frameworks;
			sourceTree = "<group>";
		};
		B01FBD41733DF8650333928C /* Pods */ = {
			isa = PBXGroup;
			children = (
				3205FE522729917BFA005F5B /* Pods-WaxPatchTopic.debug.xcconfig */,
				E15774D107E86B0811DAB9BF /* Pods-WaxPatchTopic.release.xcconfig */,
			);
			name = Pods;
			sourceTree = "<group>";
		};
		CE2D998D1CB65646009FEC85 /* lib */ = {
			isa = PBXGroup;
			children = (
				CE2D998E1CB65646009FEC85 /* adaptation */,
				CE2D999E1CB65646009FEC85 /* extensions */,
				CE2D99F31CB65646009FEC85 /* lua */,
				CE2D9A291CB65646009FEC85 /* project.rake */,
				CE2D9A2A1CB65646009FEC85 /* ProtocolLoader.h */,
				CE2D9A471CB65646009FEC85 /* wax.h */,
				CE2D9A481CB65646009FEC85 /* wax.m */,
				CE2D9A491CB65646009FEC85 /* wax_class.h */,
				CE2D9A4A1CB65646009FEC85 /* wax_class.m */,
				CE2D9A4B1CB65646009FEC85 /* wax_define.h */,
				CE2D9A4C1CB65646009FEC85 /* wax_gc.h */,
				CE2D9A4D1CB65646009FEC85 /* wax_gc.m */,
				CE2D9A4E1CB65646009FEC85 /* wax_helpers.h */,
				CE2D9A4F1CB65646009FEC85 /* wax_helpers.m */,
				CE2D9A501CB65646009FEC85 /* wax_instance.h */,
				CE2D9A511CB65646009FEC85 /* wax_instance.m */,
				CE2D9A521CB65646009FEC85 /* wax_server.h */,
				CE2D9A531CB65646009FEC85 /* wax_server.m */,
				CE2D9A541CB65646009FEC85 /* wax_stdlib.h */,
				CE2D9A551CB65646009FEC85 /* wax_struct.h */,
				CE2D9A561CB65646009FEC85 /* wax_struct.m */,
			);
			path = lib;
			sourceTree = "<group>";
		};
		CE2D998E1CB65646009FEC85 /* adaptation */ = {
			isa = PBXGroup;
			children = (
				CE2D998F1CB65646009FEC85 /* wax_config.h */,
				CE2D99901CB65646009FEC85 /* wax_config.m */,
				CE2D99911CB65646009FEC85 /* wax_lock.h */,
				CE2D99921CB65646009FEC85 /* wax_lock.m */,
			);
			path = adaptation;
			sourceTree = "<group>";
		};
		CE2D999E1CB65646009FEC85 /* extensions */ = {
			isa = PBXGroup;
			children = (
				CE2D999F1CB65646009FEC85 /* block */,
				CE2D99AC1CB65646009FEC85 /* capi */,
				CE2D99C01CB65646009FEC85 /* CGAffine */,
				CE2D99C31CB65646009FEC85 /* CGContext */,
				CE2D99C61CB65646009FEC85 /* filesystem */,
				CE2D99C91CB65646009FEC85 /* HTTP */,
				CE2D99CE1CB65646009FEC85 /* ivar */,
				CE2D99D11CB65646009FEC85 /* json */,
				CE2D99EB1CB65646009FEC85 /* SQLite */,
				CE2D99F01CB65646009FEC85 /* xml */,
			);
			path = extensions;
			sourceTree = "<group>";
		};
		CE2D999F1CB65646009FEC85 /* block */ = {
			isa = PBXGroup;
			children = (
				CE2D99A01CB65646009FEC85 /* wax_block.h */,
				CE2D99A11CB65646009FEC85 /* wax_block.m */,
				CE2D99A21CB65646009FEC85 /* wax_block_call.h */,
				CE2D99A31CB65646009FEC85 /* wax_block_call.m */,
				CE2D99A41CB65646009FEC85 /* wax_block_call_pool.h */,
				CE2D99A51CB65646009FEC85 /* wax_block_call_pool.m */,
				CE2D99A61CB65646009FEC85 /* wax_block_description.h */,
				CE2D99A71CB65646009FEC85 /* wax_block_description.m */,
				CE2D99A81CB65646009FEC85 /* wax_block_transfer.h */,
				CE2D99A91CB65646009FEC85 /* wax_block_transfer.m */,
				CE2D99AA1CB65646009FEC85 /* wax_block_transfer_pool.h */,
				CE2D99AB1CB65646009FEC85 /* wax_block_transfer_pool.m */,
			);
			path = block;
			sourceTree = "<group>";
		};
		CE2D99AC1CB65646009FEC85 /* capi */ = {
			isa = PBXGroup;
			children = (
				CE2D99AD1CB65646009FEC85 /* tolua++ */,
				CE2D99BE1CB65646009FEC85 /* wax_capi.h */,
				CE2D99BF1CB65646009FEC85 /* wax_capi.m */,
			);
			path = capi;
			sourceTree = "<group>";
		};
		CE2D99AD1CB65646009FEC85 /* tolua++ */ = {
			isa = PBXGroup;
			children = (
				CE2D99AE1CB65646009FEC85 /* bind */,
				CE2D99B71CB65646009FEC85 /* tolua++.h */,
				CE2D99B81CB65646009FEC85 /* tolua_event.c */,
				CE2D99B91CB65646009FEC85 /* tolua_event.h */,
				CE2D99BA1CB65646009FEC85 /* tolua_is.c */,
				CE2D99BB1CB65646009FEC85 /* tolua_map.c */,
				CE2D99BC1CB65646009FEC85 /* tolua_push.c */,
				CE2D99BD1CB65646009FEC85 /* tolua_to.c */,
			);
			path = "tolua++";
			sourceTree = "<group>";
		};
		CE2D99AE1CB65646009FEC85 /* bind */ = {
			isa = PBXGroup;
			children = (
				CE2D99AF1CB65646009FEC85 /* dispatch_lua.m */,
				CE2D99B01CB65646009FEC85 /* dispatch_lua.pkg */,
				CE2D99B11CB65646009FEC85 /* objc_runtime_lua.m */,
				CE2D99B21CB65646009FEC85 /* objc_runtime_lua.pkg */,
				CE2D99B31CB65646009FEC85 /* pthread.pkg */,
				CE2D99B41CB65646009FEC85 /* pthread_lua.m */,
				CE2D99B51CB65646009FEC85 /* UIKitFunction.pkg */,
				CE2D99B61CB65646009FEC85 /* UIKitFunction_lua.m */,
			);
			path = bind;
			sourceTree = "<group>";
		};
		CE2D99C01CB65646009FEC85 /* CGAffine */ = {
			isa = PBXGroup;
			children = (
				CE2D99C11CB65646009FEC85 /* wax_CGTransform.h */,
				CE2D99C21CB65646009FEC85 /* wax_CGTransform.m */,
			);
			path = CGAffine;
			sourceTree = "<group>";
		};
		CE2D99C31CB65646009FEC85 /* CGContext */ = {
			isa = PBXGroup;
			children = (
				CE2D99C41CB65646009FEC85 /* wax_CGContext.h */,
				CE2D99C51CB65646009FEC85 /* wax_CGContext.m */,
			);
			path = CGContext;
			sourceTree = "<group>";
		};
		CE2D99C61CB65646009FEC85 /* filesystem */ = {
			isa = PBXGroup;
			children = (
				CE2D99C71CB65646009FEC85 /* wax_filesystem.h */,
				CE2D99C81CB65646009FEC85 /* wax_filesystem.m */,
			);
			path = filesystem;
			sourceTree = "<group>";
		};
		CE2D99C91CB65646009FEC85 /* HTTP */ = {
			isa = PBXGroup;
			children = (
				CE2D99CA1CB65646009FEC85 /* wax_http.h */,
				CE2D99CB1CB65646009FEC85 /* wax_http.m */,
				CE2D99CC1CB65646009FEC85 /* wax_http_connection.h */,
				CE2D99CD1CB65646009FEC85 /* wax_http_connection.m */,
			);
			path = HTTP;
			sourceTree = "<group>";
		};
		CE2D99CE1CB65646009FEC85 /* ivar */ = {
			isa = PBXGroup;
			children = (
				CE2D99CF1CB65646009FEC85 /* NSObject+TBIvarAccess.h */,
				CE2D99D01CB65646009FEC85 /* NSObject+TBIvarAccess.m */,
			);
			path = ivar;
			sourceTree = "<group>";
		};
		CE2D99D11CB65646009FEC85 /* json */ = {
			isa = PBXGroup;
			children = (
				CE2D99D21CB65646009FEC85 /* Rakefile */,
				CE2D99D31CB65646009FEC85 /* wax_json.c */,
				CE2D99D41CB65646009FEC85 /* wax_json.h */,
				CE2D99D51CB65646009FEC85 /* yajl */,
				CE2D99EA1CB65646009FEC85 /* yajl-1.0.9.tar.gz */,
			);
			path = json;
			sourceTree = "<group>";
		};
		CE2D99D51CB65646009FEC85 /* yajl */ = {
			isa = PBXGroup;
			children = (
				CE2D99D61CB65646009FEC85 /* api */,
				CE2D99DA1CB65646009FEC85 /* yajl.c */,
				CE2D99DB1CB65646009FEC85 /* yajl_alloc.c */,
				CE2D99DC1CB65646009FEC85 /* yajl_alloc.h */,
				CE2D99DD1CB65646009FEC85 /* yajl_buf.c */,
				CE2D99DE1CB65646009FEC85 /* yajl_buf.h */,
				CE2D99DF1CB65646009FEC85 /* yajl_bytestack.h */,
				CE2D99E01CB65646009FEC85 /* yajl_common.h */,
				CE2D99E11CB65646009FEC85 /* yajl_encode.c */,
				CE2D99E21CB65646009FEC85 /* yajl_encode.h */,
				CE2D99E31CB65646009FEC85 /* yajl_gen.c */,
				CE2D99E41CB65646009FEC85 /* yajl_gen.h */,
				CE2D99E51CB65646009FEC85 /* yajl_lex.c */,
				CE2D99E61CB65646009FEC85 /* yajl_lex.h */,
				CE2D99E71CB65646009FEC85 /* yajl_parse.h */,
				CE2D99E81CB65646009FEC85 /* yajl_parser.c */,
				CE2D99E91CB65646009FEC85 /* yajl_parser.h */,
			);
			path = yajl;
			sourceTree = "<group>";
		};
		CE2D99D61CB65646009FEC85 /* api */ = {
			isa = PBXGroup;
			children = (
				CE2D99D71CB65646009FEC85 /* yajl_common.h */,
				CE2D99D81CB65646009FEC85 /* yajl_gen.h */,
				CE2D99D91CB65646009FEC85 /* yajl_parse.h */,
			);
			path = api;
			sourceTree = "<group>";
		};
		CE2D99EB1CB65646009FEC85 /* SQLite */ = {
			isa = PBXGroup;
			children = (
				CE2D99EC1CB65646009FEC85 /* wax_sqlite.h */,
				CE2D99ED1CB65646009FEC85 /* wax_sqlite.m */,
				CE2D99EE1CB65646009FEC85 /* wax_sqlite_operation.h */,
				CE2D99EF1CB65646009FEC85 /* wax_sqlite_operation.m */,
			);
			path = SQLite;
			sourceTree = "<group>";
		};
		CE2D99F01CB65646009FEC85 /* xml */ = {
			isa = PBXGroup;
			children = (
				CE2D99F11CB65646009FEC85 /* wax_xml.h */,
				CE2D99F21CB65646009FEC85 /* wax_xml.m */,
			);
			path = xml;
			sourceTree = "<group>";
		};
		CE2D99F31CB65646009FEC85 /* lua */ = {
			isa = PBXGroup;
			children = (
				CE2D99F41CB65646009FEC85 /* lapi.c */,
				CE2D99F51CB65646009FEC85 /* lapi.h */,
				CE2D99F61CB65646009FEC85 /* lauxlib.c */,
				CE2D99F71CB65646009FEC85 /* lauxlib.h */,
				CE2D99F81CB65646009FEC85 /* lbaselib.c */,
				CE2D99F91CB65646009FEC85 /* lcode.c */,
				CE2D99FA1CB65646009FEC85 /* lcode.h */,
				CE2D99FB1CB65646009FEC85 /* ldblib.c */,
				CE2D99FC1CB65646009FEC85 /* ldebug.c */,
				CE2D99FD1CB65646009FEC85 /* ldebug.h */,
				CE2D99FE1CB65646009FEC85 /* ldo.c */,
				CE2D99FF1CB65646009FEC85 /* ldo.h */,
				CE2D9A001CB65646009FEC85 /* ldump.c */,
				CE2D9A011CB65646009FEC85 /* lfunc.c */,
				CE2D9A021CB65646009FEC85 /* lfunc.h */,
				CE2D9A031CB65646009FEC85 /* lgc.c */,
				CE2D9A041CB65646009FEC85 /* lgc.h */,
				CE2D9A051CB65646009FEC85 /* linit.c */,
				CE2D9A061CB65646009FEC85 /* liolib.c */,
				CE2D9A071CB65646009FEC85 /* llex.c */,
				CE2D9A081CB65646009FEC85 /* llex.h */,
				CE2D9A091CB65646009FEC85 /* llimits.h */,
				CE2D9A0A1CB65646009FEC85 /* lmathlib.c */,
				CE2D9A0B1CB65646009FEC85 /* lmem.c */,
				CE2D9A0C1CB65646009FEC85 /* lmem.h */,
				CE2D9A0D1CB65646009FEC85 /* loadlib.c */,
				CE2D9A0E1CB65646009FEC85 /* lobject.c */,
				CE2D9A0F1CB65646009FEC85 /* lobject.h */,
				CE2D9A101CB65646009FEC85 /* lopcodes.c */,
				CE2D9A111CB65646009FEC85 /* lopcodes.h */,
				CE2D9A121CB65646009FEC85 /* loslib.c */,
				CE2D9A131CB65646009FEC85 /* lparser.c */,
				CE2D9A141CB65646009FEC85 /* lparser.h */,
				CE2D9A151CB65646009FEC85 /* lstate.c */,
				CE2D9A161CB65646009FEC85 /* lstate.h */,
				CE2D9A171CB65646009FEC85 /* lstring.c */,
				CE2D9A181CB65646009FEC85 /* lstring.h */,
				CE2D9A191CB65646009FEC85 /* lstrlib.c */,
				CE2D9A1A1CB65646009FEC85 /* ltable.c */,
				CE2D9A1B1CB65646009FEC85 /* ltable.h */,
				CE2D9A1C1CB65646009FEC85 /* ltablib.c */,
				CE2D9A1D1CB65646009FEC85 /* ltm.c */,
				CE2D9A1E1CB65646009FEC85 /* ltm.h */,
				CE2D9A1F1CB65646009FEC85 /* lua.h */,
				CE2D9A201CB65646009FEC85 /* luaconf.h */,
				CE2D9A211CB65646009FEC85 /* lualib.h */,
				CE2D9A221CB65646009FEC85 /* lundump.c */,
				CE2D9A231CB65646009FEC85 /* lundump.h */,
				CE2D9A241CB65646009FEC85 /* lvm.c */,
				CE2D9A251CB65646009FEC85 /* lvm.h */,
				CE2D9A261CB65646009FEC85 /* lzio.c */,
				CE2D9A271CB65646009FEC85 /* lzio.h */,
				CE2D9A281CB65646009FEC85 /* print.c */,
			);
			path = lua;
			sourceTree = "<group>";
		};
		CE5234DA1B69AC45002E621C = {
			isa = PBXGroup;
			children = (
				CE5234E51B69AC45002E621C /* WaxPatchTopic */,
				CE5234FF1B69AC45002E621C /* WaxPatchTopicTests */,
				CE5234E41B69AC45002E621C /* Products */,
				3C0C0EB307C7C84BFF5453A7 /* Frameworks */,
				B01FBD41733DF8650333928C /* Pods */,
			);
			sourceTree = "<group>";
		};
		CE5234E41B69AC45002E621C /* Products */ = {
			isa = PBXGroup;
			children = (
				CE5234E31B69AC45002E621C /* WaxPatchTopic.app */,
				CE5234FC1B69AC45002E621C /* WaxPatchTopicTests.xctest */,
			);
			name = Products;
			sourceTree = "<group>";
		};
		CE5234E51B69AC45002E621C /* WaxPatchTopic */ = {
			isa = PBXGroup;
			children = (
				CE52350C1B69ACE6002E621C /* Classes */,
				CE5235121B69ACE6002E621C /* Supporting Files */,
				CE5234F31B69AC45002E621C /* Images.xcassets */,
			);
			path = WaxPatchTopic;
			sourceTree = "<group>";
		};
		CE5234FF1B69AC45002E621C /* WaxPatchTopicTests */ = {
			isa = PBXGroup;
			children = (
				CE5235021B69AC45002E621C /* WaxPatchTopicTests.m */,
				CE5235001B69AC45002E621C /* Supporting Files */,
			);
			path = WaxPatchTopicTests;
			sourceTree = "<group>";
		};
		CE5235001B69AC45002E621C /* Supporting Files */ = {
			isa = PBXGroup;
			children = (
				CE5235011B69AC45002E621C /* Info.plist */,
			);
			name = "Supporting Files";
			sourceTree = "<group>";
		};
		CE52350C1B69ACE6002E621C /* Classes */ = {
			isa = PBXGroup;
			children = (
				CE824E7B1B6B3A67009193BE /* Helps */,
				CE824E651B6B0CA0009193BE /* Utilities */,
				CE824E661B6B0CA0009193BE /* Models */,
				CE824E671B6B0CA0009193BE /* Networks */,
				CE824E681B6B0CA0009193BE /* Constants */,
				CE52352B1B69E64F002E621C /* Publics */,
				CE52350D1B69ACE6002E621C /* AppDelegate.h */,
				CE52350E1B69ACE6002E621C /* AppDelegate.m */,
				CE52350F1B69ACE6002E621C /* Controllers */,
			);
			path = Classes;
			sourceTree = "<group>";
		};
		CE52350F1B69ACE6002E621C /* Controllers */ = {
			isa = PBXGroup;
			children = (
				CE52351C1B69B31C002E621C /* SplashViewController.h */,
				CE52351D1B69B31C002E621C /* SplashViewController.m */,
				CE824E691B6B0CCF009193BE /* MainViewController.h */,
				CE824E6A1B6B0CCF009193BE /* MainViewController.m */,
				CE824E7F1B6B481C009193BE /* TopicViewController.h */,
				CE824E801B6B481C009193BE /* TopicViewController.m */,
			);
			path = Controllers;
			sourceTree = "<group>";
		};
		CE5235121B69ACE6002E621C /* Supporting Files */ = {
			isa = PBXGroup;
			children = (
				CE5235131B69ACE6002E621C /* Info.plist */,
				CE5235141B69ACE6002E621C /* main.m */,
			);
			path = "Supporting Files";
			sourceTree = "<group>";
		};
		CE52352B1B69E64F002E621C /* Publics */ = {
			isa = PBXGroup;
			children = (
				CE2D998D1CB65646009FEC85 /* lib */,
				CE52352C1B69E64F002E621C /* ZipArchive */,
			);
			path = Publics;
			sourceTree = "<group>";
		};
		CE52352C1B69E64F002E621C /* ZipArchive */ = {
			isa = PBXGroup;
			children = (
				CE5235541B69EDB0002E621C /* minizip */,
				CE52355E1B69EDB0002E621C /* ZipArchive.h */,
				CE52355F1B69EDB0002E621C /* ZipArchive.mm */,
			);
			path = ZipArchive;
			sourceTree = "<group>";
		};
		CE5235541B69EDB0002E621C /* minizip */ = {
			isa = PBXGroup;
			children = (
				CE5235551B69EDB0002E621C /* crypt.h */,
				CE5235561B69EDB0002E621C /* ioapi.c */,
				CE5235571B69EDB0002E621C /* ioapi.h */,
				CE5235581B69EDB0002E621C /* mztools.c */,
				CE5235591B69EDB0002E621C /* mztools.h */,
				CE52355A1B69EDB0002E621C /* unzip.c */,
				CE52355B1B69EDB0002E621C /* unzip.h */,
				CE52355C1B69EDB0002E621C /* zip.c */,
				CE52355D1B69EDB0002E621C /* zip.h */,
			);
			path = minizip;
			sourceTree = "<group>";
		};
		CE824E651B6B0CA0009193BE /* Utilities */ = {
			isa = PBXGroup;
			children = (
				CE824E721B6B1015009193BE /* CommonUtility.h */,
				CE824E731B6B1015009193BE /* CommonUtilty.m */,
			);
			path = Utilities;
			sourceTree = "<group>";
		};
		CE824E661B6B0CA0009193BE /* Models */ = {
			isa = PBXGroup;
			children = (
				CE824E781B6B1B24009193BE /* Model.h */,
				CE824E791B6B1B24009193BE /* Model.m */,
			);
			path = Models;
			sourceTree = "<group>";
		};
		CE824E671B6B0CA0009193BE /* Networks */ = {
			isa = PBXGroup;
			children = (
				CE824E6C1B6B0DEB009193BE /* DownloadPatchManager.h */,
				CE824E6D1B6B0DEB009193BE /* DownloadPatchManager.m */,
				CE824E751B6B190A009193BE /* Network.h */,
				CE824E761B6B190A009193BE /* Network.m */,
			);
			path = Networks;
			sourceTree = "<group>";
		};
		CE824E681B6B0CA0009193BE /* Constants */ = {
			isa = PBXGroup;
			children = (
				CE824E6F1B6B0E9E009193BE /* Constant.h */,
				CE824E701B6B0E9E009193BE /* Constant.m */,
			);
			path = Constants;
			sourceTree = "<group>";
		};
		CE824E7B1B6B3A67009193BE /* Helps */ = {
			isa = PBXGroup;
			children = (
				CE824E7C1B6B3A8F009193BE /* NSString+Category.h */,
				CE824E7D1B6B3A8F009193BE /* NSString+Category.m */,
			);
			path = Helps;
			sourceTree = "<group>";
		};
/* End PBXGroup section */

/* Begin PBXNativeTarget section */
		CE5234E21B69AC45002E621C /* WaxPatchTopic */ = {
			isa = PBXNativeTarget;
			buildConfigurationList = CE5235061B69AC45002E621C /* Build configuration list for PBXNativeTarget "WaxPatchTopic" */;
			buildPhases = (
				4FB80C075B5B3C55D72938F5 /* 📦 Check Pods Manifest.lock */,
				CE5234DF1B69AC45002E621C /* Sources */,
				CE5234E01B69AC45002E621C /* Frameworks */,
				CE5234E11B69AC45002E621C /* Resources */,
				1D5EEC9948B77772101D6760 /* 📦 Embed Pods Frameworks */,
				7846408FEA8E3833F943B2F3 /* 📦 Copy Pods Resources */,
			);
			buildRules = (
			);
			dependencies = (
			);
			name = WaxPatchTopic;
			productName = WaxPatchTopic;
			productReference = CE5234E31B69AC45002E621C /* WaxPatchTopic.app */;
			productType = "com.apple.product-type.application";
		};
		CE5234FB1B69AC45002E621C /* WaxPatchTopicTests */ = {
			isa = PBXNativeTarget;
			buildConfigurationList = CE5235091B69AC45002E621C /* Build configuration list for PBXNativeTarget "WaxPatchTopicTests" */;
			buildPhases = (
				CE5234F81B69AC45002E621C /* Sources */,
				CE5234F91B69AC45002E621C /* Frameworks */,
				CE5234FA1B69AC45002E621C /* Resources */,
			);
			buildRules = (
			);
			dependencies = (
				CE5234FE1B69AC45002E621C /* PBXTargetDependency */,
			);
			name = WaxPatchTopicTests;
			productName = WaxPatchTopicTests;
			productReference = CE5234FC1B69AC45002E621C /* WaxPatchTopicTests.xctest */;
			productType = "com.apple.product-type.bundle.unit-test";
		};
/* End PBXNativeTarget section */

/* Begin PBXProject section */
		CE5234DB1B69AC45002E621C /* Project object */ = {
			isa = PBXProject;
			attributes = {
				LastUpgradeCheck = 0640;
				ORGANIZATIONNAME = xu01;
				TargetAttributes = {
					CE5234E21B69AC45002E621C = {
						CreatedOnToolsVersion = 6.4;
					};
					CE5234FB1B69AC45002E621C = {
						CreatedOnToolsVersion = 6.4;
						TestTargetID = CE5234E21B69AC45002E621C;
					};
				};
			};
			buildConfigurationList = CE5234DE1B69AC45002E621C /* Build configuration list for PBXProject "WaxPatchTopic" */;
			compatibilityVersion = "Xcode 3.2";
			developmentRegion = English;
			hasScannedForEncodings = 0;
			knownRegions = (
				en,
				Base,
			);
			mainGroup = CE5234DA1B69AC45002E621C;
			productRefGroup = CE5234E41B69AC45002E621C /* Products */;
			projectDirPath = "";
			projectRoot = "";
			targets = (
				CE5234E21B69AC45002E621C /* WaxPatchTopic */,
				CE5234FB1B69AC45002E621C /* WaxPatchTopicTests */,
			);
		};
/* End PBXProject section */

/* Begin PBXResourcesBuildPhase section */
		CE5234E11B69AC45002E621C /* Resources */ = {
			isa = PBXResourcesBuildPhase;
			buildActionMask = 2147483647;
			files = (
				CE2D9A861CB65646009FEC85 /* yajl-1.0.9.tar.gz in Resources */,
				CE2D9A6C1CB65646009FEC85 /* objc_runtime_lua.pkg in Resources */,
				CE2D9A6A1CB65646009FEC85 /* dispatch_lua.pkg in Resources */,
				CE2D9A6D1CB65646009FEC85 /* pthread.pkg in Resources */,
				CE5234F41B69AC45002E621C /* Images.xcassets in Resources */,
				CE2D9A7D1CB65646009FEC85 /* Rakefile in Resources */,
				CE2D9AA81CB65646009FEC85 /* project.rake in Resources */,
				CE2D9A6F1CB65646009FEC85 /* UIKitFunction.pkg in Resources */,
			);
			runOnlyForDeploymentPostprocessing = 0;
		};
		CE5234FA1B69AC45002E621C /* Resources */ = {
			isa = PBXResourcesBuildPhase;
			buildActionMask = 2147483647;
			files = (
			);
			runOnlyForDeploymentPostprocessing = 0;
		};
/* End PBXResourcesBuildPhase section */

/* Begin PBXShellScriptBuildPhase section */
		1D5EEC9948B77772101D6760 /* 📦 Embed Pods Frameworks */ = {
			isa = PBXShellScriptBuildPhase;
			buildActionMask = 2147483647;
			files = (
			);
			inputPaths = (
			);
			name = "📦 Embed Pods Frameworks";
			outputPaths = (
			);
			runOnlyForDeploymentPostprocessing = 0;
			shellPath = /bin/sh;
			shellScript = "\"${SRCROOT}/Pods/Target Support Files/Pods-WaxPatchTopic/Pods-WaxPatchTopic-frameworks.sh\"\n";
			showEnvVarsInLog = 0;
		};
		4FB80C075B5B3C55D72938F5 /* 📦 Check Pods Manifest.lock */ = {
			isa = PBXShellScriptBuildPhase;
			buildActionMask = 2147483647;
			files = (
			);
			inputPaths = (
			);
			name = "📦 Check Pods Manifest.lock";
			outputPaths = (
			);
			runOnlyForDeploymentPostprocessing = 0;
			shellPath = /bin/sh;
			shellScript = "diff \"${PODS_ROOT}/../Podfile.lock\" \"${PODS_ROOT}/Manifest.lock\" > /dev/null\nif [[ $? != 0 ]] ; then\n    cat << EOM\nerror: The sandbox is not in sync with the Podfile.lock. Run 'pod install' or update your CocoaPods installation.\nEOM\n    exit 1\nfi\n";
			showEnvVarsInLog = 0;
		};
		7846408FEA8E3833F943B2F3 /* 📦 Copy Pods Resources */ = {
			isa = PBXShellScriptBuildPhase;
			buildActionMask = 2147483647;
			files = (
			);
			inputPaths = (
			);
			name = "📦 Copy Pods Resources";
			outputPaths = (
			);
			runOnlyForDeploymentPostprocessing = 0;
			shellPath = /bin/sh;
			shellScript = "\"${SRCROOT}/Pods/Target Support Files/Pods-WaxPatchTopic/Pods-WaxPatchTopic-resources.sh\"\n";
			showEnvVarsInLog = 0;
		};
/* End PBXShellScriptBuildPhase section */

/* Begin PBXSourcesBuildPhase section */
		CE5234DF1B69AC45002E621C /* Sources */ = {
			isa = PBXSourcesBuildPhase;
			buildActionMask = 2147483647;
			files = (
				CE2D9AC81CB65807009FEC85 /* SplashViewController.m in Sources */,
				CE2D9AC21CB65646009FEC85 /* wax_class.m in Sources */,
				CE2D9A921CB65646009FEC85 /* lfunc.c in Sources */,
				CE2D9A9D1CB65646009FEC85 /* lparser.c in Sources */,
				CE2D9A971CB65646009FEC85 /* lmathlib.c in Sources */,
				CE2D9A6E1CB65646009FEC85 /* pthread_lua.m in Sources */,
				CE2D9AC61CB65646009FEC85 /* wax_server.m in Sources */,
				CE2D9A741CB65646009FEC85 /* tolua_push.c in Sources */,
				CE2D9AA61CB65646009FEC85 /* lzio.c in Sources */,
				CE2D9A9C1CB65646009FEC85 /* loslib.c in Sources */,
				CE2D9A631CB65646009FEC85 /* wax_block.m in Sources */,
				CE2D9A9A1CB65646009FEC85 /* lobject.c in Sources */,
				CE2D9A661CB65646009FEC85 /* wax_block_description.m in Sources */,
				CE2D9A871CB65646009FEC85 /* wax_sqlite.m in Sources */,
				CE2D9A671CB65646009FEC85 /* wax_block_transfer.m in Sources */,
				CE824E741B6B1015009193BE /* CommonUtilty.m in Sources */,
				CE2D9A721CB65646009FEC85 /* tolua_is.c in Sources */,
				CE5235181B69ACE6002E621C /* main.m in Sources */,
				CE2D9A9E1CB65646009FEC85 /* lstate.c in Sources */,
				CE824E711B6B0E9E009193BE /* Constant.m in Sources */,
				CE2D9A9B1CB65646009FEC85 /* lopcodes.c in Sources */,
				CE2D9A761CB65646009FEC85 /* wax_capi.m in Sources */,
				CE2D9A961CB65646009FEC85 /* llex.c in Sources */,
				CE2D9AC11CB65646009FEC85 /* wax.m in Sources */,
				CE2D9A991CB65646009FEC85 /* loadlib.c in Sources */,
				CE2D9A851CB65646009FEC85 /* yajl_parser.c in Sources */,
				CE5235631B69EDB0002E621C /* zip.c in Sources */,
				CE2D9AA31CB65646009FEC85 /* ltm.c in Sources */,
				CE2D9A8B1CB65646009FEC85 /* lauxlib.c in Sources */,
				CE2D9A8A1CB65646009FEC85 /* lapi.c in Sources */,
				CE2D9A7F1CB65646009FEC85 /* yajl.c in Sources */,
				CE824E771B6B190A009193BE /* Network.m in Sources */,
				CE2D9A8C1CB65646009FEC85 /* lbaselib.c in Sources */,
				CE2D9AC41CB65646009FEC85 /* wax_helpers.m in Sources */,
				CE2D9A931CB65646009FEC85 /* lgc.c in Sources */,
				CE2D9AC31CB65646009FEC85 /* wax_gc.m in Sources */,
				CE2D9A751CB65646009FEC85 /* tolua_to.c in Sources */,
				CE824E6B1B6B0CCF009193BE /* MainViewController.m in Sources */,
				CE5235621B69EDB0002E621C /* unzip.c in Sources */,
				CE2D9AC51CB65646009FEC85 /* wax_instance.m in Sources */,
				CE2D9A701CB65646009FEC85 /* UIKitFunction_lua.m in Sources */,
				CE2D9A7A1CB65646009FEC85 /* wax_http.m in Sources */,
				CE2D9A641CB65646009FEC85 /* wax_block_call.m in Sources */,
				CE2D9A8D1CB65646009FEC85 /* lcode.c in Sources */,
				CE2D9AC71CB65646009FEC85 /* wax_struct.m in Sources */,
				CE2D9A821CB65646009FEC85 /* yajl_encode.c in Sources */,
				CE2D9A811CB65646009FEC85 /* yajl_buf.c in Sources */,
				CE2D9A901CB65646009FEC85 /* ldo.c in Sources */,
				CE5235611B69EDB0002E621C /* mztools.c in Sources */,
				CE2D9A791CB65646009FEC85 /* wax_filesystem.m in Sources */,
				CE2D9A7E1CB65646009FEC85 /* wax_json.c in Sources */,
				CE2D9A731CB65646009FEC85 /* tolua_map.c in Sources */,
				CE2D9A691CB65646009FEC85 /* dispatch_lua.m in Sources */,
				CE2D9A781CB65646009FEC85 /* wax_CGContext.m in Sources */,
				CE2D9AA21CB65646009FEC85 /* ltablib.c in Sources */,
				CE824E6E1B6B0DEB009193BE /* DownloadPatchManager.m in Sources */,
				CE2D9A8E1CB65646009FEC85 /* ldblib.c in Sources */,
				CE2D9A651CB65646009FEC85 /* wax_block_call_pool.m in Sources */,
				CE2D9AA41CB65646009FEC85 /* lundump.c in Sources */,
				CE2D9A841CB65646009FEC85 /* yajl_lex.c in Sources */,
				CE2D9A911CB65646009FEC85 /* ldump.c in Sources */,
				CE824E811B6B481C009193BE /* TopicViewController.m in Sources */,
				CE2D9AA71CB65646009FEC85 /* print.c in Sources */,
				CE2D9AA01CB65646009FEC85 /* lstrlib.c in Sources */,
				CE2D9A711CB65646009FEC85 /* tolua_event.c in Sources */,
				CE2D9A881CB65646009FEC85 /* wax_sqlite_operation.m in Sources */,
				CE2D9A891CB65646009FEC85 /* wax_xml.m in Sources */,
				CE2D9A951CB65646009FEC85 /* liolib.c in Sources */,
				CE2D9A771CB65646009FEC85 /* wax_CGTransform.m in Sources */,
				CE2D9A831CB65646009FEC85 /* yajl_gen.c in Sources */,
				CE2D9A801CB65646009FEC85 /* yajl_alloc.c in Sources */,
				CE824E7A1B6B1B24009193BE /* Model.m in Sources */,
				CE824E7E1B6B3A8F009193BE /* NSString+Category.m in Sources */,
				CE2D9A8F1CB65646009FEC85 /* ldebug.c in Sources */,
				CE5235151B69ACE6002E621C /* AppDelegate.m in Sources */,
				CE2D9A7C1CB65646009FEC85 /* NSObject+TBIvarAccess.m in Sources */,
				CE2D9A581CB65646009FEC85 /* wax_lock.m in Sources */,
				CE2D9A681CB65646009FEC85 /* wax_block_transfer_pool.m in Sources */,
				CE2D9A981CB65646009FEC85 /* lmem.c in Sources */,
				CE2D9AA11CB65646009FEC85 /* ltable.c in Sources */,
				CE2D9A941CB65646009FEC85 /* linit.c in Sources */,
				CE5235641B69EDB0002E621C /* ZipArchive.mm in Sources */,
				CE2D9A7B1CB65646009FEC85 /* wax_http_connection.m in Sources */,
				CE2D9A9F1CB65646009FEC85 /* lstring.c in Sources */,
				CE2D9A6B1CB65646009FEC85 /* objc_runtime_lua.m in Sources */,
				CE5235601B69EDB0002E621C /* ioapi.c in Sources */,
				CE2D9AA51CB65646009FEC85 /* lvm.c in Sources */,
				CE2D9A571CB65646009FEC85 /* wax_config.m in Sources */,
			);
			runOnlyForDeploymentPostprocessing = 0;
		};
		CE5234F81B69AC45002E621C /* Sources */ = {
			isa = PBXSourcesBuildPhase;
			buildActionMask = 2147483647;
			files = (
				CE5235031B69AC45002E621C /* WaxPatchTopicTests.m in Sources */,
			);
			runOnlyForDeploymentPostprocessing = 0;
		};
/* End PBXSourcesBuildPhase section */

/* Begin PBXTargetDependency section */
		CE5234FE1B69AC45002E621C /* PBXTargetDependency */ = {
			isa = PBXTargetDependency;
			target = CE5234E21B69AC45002E621C /* WaxPatchTopic */;
			targetProxy = CE5234FD1B69AC45002E621C /* PBXContainerItemProxy */;
		};
/* End PBXTargetDependency section */

/* Begin XCBuildConfiguration section */
		CE5235041B69AC45002E621C /* Debug */ = {
			isa = XCBuildConfiguration;
			buildSettings = {
				ALWAYS_SEARCH_USER_PATHS = NO;
				CLANG_CXX_LANGUAGE_STANDARD = "gnu++0x";
				CLANG_CXX_LIBRARY = "libc++";
				CLANG_ENABLE_MODULES = YES;
				CLANG_ENABLE_OBJC_ARC = YES;
				CLANG_WARN_BOOL_CONVERSION = YES;
				CLANG_WARN_CONSTANT_CONVERSION = YES;
				CLANG_WARN_DIRECT_OBJC_ISA_USAGE = YES_ERROR;
				CLANG_WARN_EMPTY_BODY = YES;
				CLANG_WARN_ENUM_CONVERSION = YES;
				CLANG_WARN_INT_CONVERSION = YES;
				CLANG_WARN_OBJC_ROOT_CLASS = YES_ERROR;
				CLANG_WARN_UNREACHABLE_CODE = YES;
				CLANG_WARN__DUPLICATE_METHOD_MATCH = YES;
				"CODE_SIGN_IDENTITY[sdk=iphoneos*]" = "iPhone Developer";
				COPY_PHASE_STRIP = NO;
				DEBUG_INFORMATION_FORMAT = "dwarf-with-dsym";
				ENABLE_STRICT_OBJC_MSGSEND = YES;
				GCC_C_LANGUAGE_STANDARD = gnu99;
				GCC_DYNAMIC_NO_PIC = NO;
				GCC_NO_COMMON_BLOCKS = YES;
				GCC_OPTIMIZATION_LEVEL = 0;
				GCC_PREPROCESSOR_DEFINITIONS = (
					"DEBUG=1",
					"$(inherited)",
				);
				GCC_SYMBOLS_PRIVATE_EXTERN = NO;
				GCC_WARN_64_TO_32_BIT_CONVERSION = YES;
				GCC_WARN_ABOUT_RETURN_TYPE = YES_ERROR;
				GCC_WARN_UNDECLARED_SELECTOR = YES;
				GCC_WARN_UNINITIALIZED_AUTOS = YES_AGGRESSIVE;
				GCC_WARN_UNUSED_FUNCTION = YES;
				GCC_WARN_UNUSED_VARIABLE = YES;
				IPHONEOS_DEPLOYMENT_TARGET = 8.4;
				MTL_ENABLE_DEBUG_INFO = YES;
				ONLY_ACTIVE_ARCH = YES;
				SDKROOT = iphoneos;
			};
			name = Debug;
		};
		CE5235051B69AC45002E621C /* Release */ = {
			isa = XCBuildConfiguration;
			buildSettings = {
				ALWAYS_SEARCH_USER_PATHS = NO;
				CLANG_CXX_LANGUAGE_STANDARD = "gnu++0x";
				CLANG_CXX_LIBRARY = "libc++";
				CLANG_ENABLE_MODULES = YES;
				CLANG_ENABLE_OBJC_ARC = YES;
				CLANG_WARN_BOOL_CONVERSION = YES;
				CLANG_WARN_CONSTANT_CONVERSION = YES;
				CLANG_WARN_DIRECT_OBJC_ISA_USAGE = YES_ERROR;
				CLANG_WARN_EMPTY_BODY = YES;
				CLANG_WARN_ENUM_CONVERSION = YES;
				CLANG_WARN_INT_CONVERSION = YES;
				CLANG_WARN_OBJC_ROOT_CLASS = YES_ERROR;
				CLANG_WARN_UNREACHABLE_CODE = YES;
				CLANG_WARN__DUPLICATE_METHOD_MATCH = YES;
				"CODE_SIGN_IDENTITY[sdk=iphoneos*]" = "iPhone Developer";
				COPY_PHASE_STRIP = NO;
				DEBUG_INFORMATION_FORMAT = "dwarf-with-dsym";
				ENABLE_NS_ASSERTIONS = NO;
				ENABLE_STRICT_OBJC_MSGSEND = YES;
				GCC_C_LANGUAGE_STANDARD = gnu99;
				GCC_NO_COMMON_BLOCKS = YES;
				GCC_WARN_64_TO_32_BIT_CONVERSION = YES;
				GCC_WARN_ABOUT_RETURN_TYPE = YES_ERROR;
				GCC_WARN_UNDECLARED_SELECTOR = YES;
				GCC_WARN_UNINITIALIZED_AUTOS = YES_AGGRESSIVE;
				GCC_WARN_UNUSED_FUNCTION = YES;
				GCC_WARN_UNUSED_VARIABLE = YES;
				IPHONEOS_DEPLOYMENT_TARGET = 8.4;
				MTL_ENABLE_DEBUG_INFO = NO;
				SDKROOT = iphoneos;
				VALIDATE_PRODUCT = YES;
			};
			name = Release;
		};
		CE5235071B69AC45002E621C /* Debug */ = {
			isa = XCBuildConfiguration;
			baseConfigurationReference = 3205FE522729917BFA005F5B /* Pods-WaxPatchTopic.debug.xcconfig */;
			buildSettings = {
				ASSETCATALOG_COMPILER_APPICON_NAME = AppIcon;
				FRAMEWORK_SEARCH_PATHS = (
					"$(inherited)",
					"$(PROJECT_DIR)/WaxPatchTopic/Supporting\\ Files",
					"$(PROJECT_DIR)",
					"$(PROJECT_DIR)/WaxPatchTopic/ThirdFrameworks",
				);
				HEADER_SEARCH_PATHS = (
					"$(inherited)",
					"\"${PODS_ROOT}/Headers/Public\"",
					"\"${PODS_ROOT}/Headers/Public/AFNetworking\"",
					"\"${PODS_ROOT}/Headers/Public/MBProgressHUD\"",
					"\"${PODS_ROOT}/Headers/Public/SDWebImage\"",
					"\"${SDK_DIR}/usr/include/libxml2\"",
				);
				INFOPLIST_FILE = "WaxPatchTopic/Supporting Files/Info.plist";
				IPHONEOS_DEPLOYMENT_TARGET = 7.0;
				LD_RUNPATH_SEARCH_PATHS = "$(inherited) @executable_path/Frameworks";
				PRODUCT_NAME = "$(TARGET_NAME)";
			};
			name = Debug;
		};
		CE5235081B69AC45002E621C /* Release */ = {
			isa = XCBuildConfiguration;
			baseConfigurationReference = E15774D107E86B0811DAB9BF /* Pods-WaxPatchTopic.release.xcconfig */;
			buildSettings = {
				ASSETCATALOG_COMPILER_APPICON_NAME = AppIcon;
				FRAMEWORK_SEARCH_PATHS = (
					"$(inherited)",
					"$(PROJECT_DIR)/WaxPatchTopic/Supporting\\ Files",
					"$(PROJECT_DIR)",
					"$(PROJECT_DIR)/WaxPatchTopic/ThirdFrameworks",
				);
				HEADER_SEARCH_PATHS = (
					"$(inherited)",
					"\"${PODS_ROOT}/Headers/Public\"",
					"\"${PODS_ROOT}/Headers/Public/AFNetworking\"",
					"\"${PODS_ROOT}/Headers/Public/MBProgressHUD\"",
					"\"${PODS_ROOT}/Headers/Public/SDWebImage\"",
					"\"${SDK_DIR}/usr/include/libxml2\"",
				);
				INFOPLIST_FILE = "WaxPatchTopic/Supporting Files/Info.plist";
				IPHONEOS_DEPLOYMENT_TARGET = 7.0;
				LD_RUNPATH_SEARCH_PATHS = "$(inherited) @executable_path/Frameworks";
				PRODUCT_NAME = "$(TARGET_NAME)";
			};
			name = Release;
		};
		CE52350A1B69AC45002E621C /* Debug */ = {
			isa = XCBuildConfiguration;
			buildSettings = {
				BUNDLE_LOADER = "$(TEST_HOST)";
				FRAMEWORK_SEARCH_PATHS = (
					"$(SDKROOT)/Developer/Library/Frameworks",
					"$(inherited)",
				);
				GCC_PREPROCESSOR_DEFINITIONS = (
					"DEBUG=1",
					"$(inherited)",
				);
				INFOPLIST_FILE = WaxPatchTopicTests/Info.plist;
				LD_RUNPATH_SEARCH_PATHS = "$(inherited) @executable_path/Frameworks @loader_path/Frameworks";
				PRODUCT_NAME = "$(TARGET_NAME)";
				TEST_HOST = "$(BUILT_PRODUCTS_DIR)/WaxPatchTopic.app/WaxPatchTopic";
			};
			name = Debug;
		};
		CE52350B1B69AC45002E621C /* Release */ = {
			isa = XCBuildConfiguration;
			buildSettings = {
				BUNDLE_LOADER = "$(TEST_HOST)";
				FRAMEWORK_SEARCH_PATHS = (
					"$(SDKROOT)/Developer/Library/Frameworks",
					"$(inherited)",
				);
				INFOPLIST_FILE = WaxPatchTopicTests/Info.plist;
				LD_RUNPATH_SEARCH_PATHS = "$(inherited) @executable_path/Frameworks @loader_path/Frameworks";
				PRODUCT_NAME = "$(TARGET_NAME)";
				TEST_HOST = "$(BUILT_PRODUCTS_DIR)/WaxPatchTopic.app/WaxPatchTopic";
			};
			name = Release;
		};
/* End XCBuildConfiguration section */

/* Begin XCConfigurationList section */
		CE5234DE1B69AC45002E621C /* Build configuration list for PBXProject "WaxPatchTopic" */ = {
			isa = XCConfigurationList;
			buildConfigurations = (
				CE5235041B69AC45002E621C /* Debug */,
				CE5235051B69AC45002E621C /* Release */,
			);
			defaultConfigurationIsVisible = 0;
			defaultConfigurationName = Release;
		};
		CE5235061B69AC45002E621C /* Build configuration list for PBXNativeTarget "WaxPatchTopic" */ = {
			isa = XCConfigurationList;
			buildConfigurations = (
				CE5235071B69AC45002E621C /* Debug */,
				CE5235081B69AC45002E621C /* Release */,
			);
			defaultConfigurationIsVisible = 0;
			defaultConfigurationName = Release;
		};
		CE5235091B69AC45002E621C /* Build configuration list for PBXNativeTarget "WaxPatchTopicTests" */ = {
			isa = XCConfigurationList;
			buildConfigurations = (
				CE52350A1B69AC45002E621C /* Debug */,
				CE52350B1B69AC45002E621C /* Release */,
			);
			defaultConfigurationIsVisible = 0;
			defaultConfigurationName = Release;
		};
/* End XCConfigurationList section */
	};
	rootObject = CE5234DB1B69AC45002E621C /* Project object */;
}
